// !$*UTF8*$!
{
	archiveVersion = 1;
	classes = {
	};
	objectVersion = 51;
	objects = {

/* Begin PBXBuildFile section */
		39DCE37469B1285E15E1418B /* Pods_OnrampProject_OnrampProjectUITests.framework in Frameworks */ = {isa = PBXBuildFile; fileRef = 93778C92E27F31A842031435 /* Pods_OnrampProject_OnrampProjectUITests.framework */; };
		6030FC7023FF0C79007F0901 /* AppDelegate.swift in Sources */ = {isa = PBXBuildFile; fileRef = 6030FC6F23FF0C79007F0901 /* AppDelegate.swift */; };
		6030FC7223FF0C79007F0901 /* SceneDelegate.swift in Sources */ = {isa = PBXBuildFile; fileRef = 6030FC7123FF0C79007F0901 /* SceneDelegate.swift */; };
		6030FC7423FF0C79007F0901 /* WeatherViewController.swift in Sources */ = {isa = PBXBuildFile; fileRef = 6030FC7323FF0C79007F0901 /* WeatherViewController.swift */; };
		6030FC7723FF0C79007F0901 /* Main.storyboard in Resources */ = {isa = PBXBuildFile; fileRef = 6030FC7523FF0C79007F0901 /* Main.storyboard */; };
		6030FC7923FF0C7A007F0901 /* Assets.xcassets in Resources */ = {isa = PBXBuildFile; fileRef = 6030FC7823FF0C7A007F0901 /* Assets.xcassets */; };
		6030FC7C23FF0C7A007F0901 /* LaunchScreen.storyboard in Resources */ = {isa = PBXBuildFile; fileRef = 6030FC7A23FF0C7A007F0901 /* LaunchScreen.storyboard */; };
		6030FC8723FF0C7A007F0901 /* OnrampProjectTests.swift in Sources */ = {isa = PBXBuildFile; fileRef = 6030FC8623FF0C7A007F0901 /* OnrampProjectTests.swift */; };
		6030FC9223FF0C7A007F0901 /* OnrampProjectUITests.swift in Sources */ = {isa = PBXBuildFile; fileRef = 6030FC9123FF0C7A007F0901 /* OnrampProjectUITests.swift */; };
		65891E2B8F0A052F4AA309AC /* Pods_OnrampProject.framework in Frameworks */ = {isa = PBXBuildFile; fileRef = AE522B3F23D1B668092FF989 /* Pods_OnrampProject.framework */; };
		AB418AA02415BD9E003852B3 /* HourlyWeatherViewController.swift in Sources */ = {isa = PBXBuildFile; fileRef = AB418A9F2415BD9E003852B3 /* HourlyWeatherViewController.swift */; };
		AB418AA2241746DE003852B3 /* RequestLocationViewController.swift in Sources */ = {isa = PBXBuildFile; fileRef = AB418AA1241746DE003852B3 /* RequestLocationViewController.swift */; };
		ABF9B41B241871AA0096F563 /* LocationViewModel.swift in Sources */ = {isa = PBXBuildFile; fileRef = ABF9B41A241871A90096F563 /* LocationViewModel.swift */; };
		ABF9B41D2419B21F0096F563 /* LoadingViewController.swift in Sources */ = {isa = PBXBuildFile; fileRef = ABF9B41C2419B21F0096F563 /* LoadingViewController.swift */; };
		D4D791C336B291AE9947D6F3 /* Pods_OnrampProjectTests.framework in Frameworks */ = {isa = PBXBuildFile; fileRef = 0D64DA9D626AEDFAD8945F06 /* Pods_OnrampProjectTests.framework */; };
		EB2D0251240F076C005C2241 /* ModelImageCell.swift in Sources */ = {isa = PBXBuildFile; fileRef = EB2D0250240F076C005C2241 /* ModelImageCell.swift */; };
		EB2D0257240F0AAE005C2241 /* ModelImageView.swift in Sources */ = {isa = PBXBuildFile; fileRef = EB2D0256240F0AAE005C2241 /* ModelImageView.swift */; };
		EB2D0259240F0AC3005C2241 /* ModelImageView.xib in Resources */ = {isa = PBXBuildFile; fileRef = EB2D0258240F0AC3005C2241 /* ModelImageView.xib */; };
		EB3B341A24104D4D0037807F /* ModelImageViewModel.swift in Sources */ = {isa = PBXBuildFile; fileRef = EB3B341924104D4D0037807F /* ModelImageViewModel.swift */; };
		EB3B341C241056340037807F /* Constants.swift in Sources */ = {isa = PBXBuildFile; fileRef = EB3B341B241056340037807F /* Constants.swift */; };
		EB950EA2240B6BDE00096825 /* WeatherViewModel.swift in Sources */ = {isa = PBXBuildFile; fileRef = EB950EA1240B6BDE00096825 /* WeatherViewModel.swift */; };
		EB950EA4240B6F4F00096825 /* BaeImage.swift in Sources */ = {isa = PBXBuildFile; fileRef = EB950EA3240B6F4F00096825 /* BaeImage.swift */; };
		EB950EA7240B7ADD00096825 /* Weather.swift in Sources */ = {isa = PBXBuildFile; fileRef = EB950EA6240B7ADD00096825 /* Weather.swift */; };
		EBA5EB17241097E5003143B1 /* ModelImageDetailsViewController.swift in Sources */ = {isa = PBXBuildFile; fileRef = EBA5EB16241097E5003143B1 /* ModelImageDetailsViewController.swift */; };
		EBD469CF2411B717004E80DC /* Settings.swift in Sources */ = {isa = PBXBuildFile; fileRef = EBD469CE2411B717004E80DC /* Settings.swift */; };
		EBD469D324121CC2004E80DC /* UserDefaultsService.swift in Sources */ = {isa = PBXBuildFile; fileRef = EBD469D224121CC2004E80DC /* UserDefaultsService.swift */; };
		EBE9EF75240D0FEA002817C7 /* SettingsViewController.swift in Sources */ = {isa = PBXBuildFile; fileRef = EBE9EF74240D0FEA002817C7 /* SettingsViewController.swift */; };
		EBF176DC240B9D3E005AB1F8 /* HourlyWeatherBlockViewModel.swift in Sources */ = {isa = PBXBuildFile; fileRef = EBF176DB240B9D3E005AB1F8 /* HourlyWeatherBlockViewModel.swift */; };
		EBF176E0240CA19F005AB1F8 /* WeatherNetworkService.swift in Sources */ = {isa = PBXBuildFile; fileRef = EBF176DF240CA19F005AB1F8 /* WeatherNetworkService.swift */; };
		EBFC751224122D2F00FE3E5C /* WeatherCategoryView.xib in Resources */ = {isa = PBXBuildFile; fileRef = EBFC751124122D2F00FE3E5C /* WeatherCategoryView.xib */; };
		EBFC751424122D4500FE3E5C /* WeatherCategoryView.swift in Sources */ = {isa = PBXBuildFile; fileRef = EBFC751324122D4500FE3E5C /* WeatherCategoryView.swift */; };
/* End PBXBuildFile section */

/* Begin PBXContainerItemProxy section */
		6030FC8323FF0C7A007F0901 /* PBXContainerItemProxy */ = {
			isa = PBXContainerItemProxy;
			containerPortal = 6030FC6423FF0C79007F0901 /* Project object */;
			proxyType = 1;
			remoteGlobalIDString = 6030FC6B23FF0C79007F0901;
			remoteInfo = OnrampProject;
		};
		6030FC8E23FF0C7A007F0901 /* PBXContainerItemProxy */ = {
			isa = PBXContainerItemProxy;
			containerPortal = 6030FC6423FF0C79007F0901 /* Project object */;
			proxyType = 1;
			remoteGlobalIDString = 6030FC6B23FF0C79007F0901;
			remoteInfo = OnrampProject;
		};
/* End PBXContainerItemProxy section */

/* Begin PBXFileReference section */
		0D64DA9D626AEDFAD8945F06 /* Pods_OnrampProjectTests.framework */ = {isa = PBXFileReference; explicitFileType = wrapper.framework; includeInIndex = 0; path = Pods_OnrampProjectTests.framework; sourceTree = BUILT_PRODUCTS_DIR; };
		2F5A11EB90CAA655AE837397 /* Pods-OnrampProject-OnrampProjectUITests.release.xcconfig */ = {isa = PBXFileReference; includeInIndex = 1; lastKnownFileType = text.xcconfig; name = "Pods-OnrampProject-OnrampProjectUITests.release.xcconfig"; path = "Target Support Files/Pods-OnrampProject-OnrampProjectUITests/Pods-OnrampProject-OnrampProjectUITests.release.xcconfig"; sourceTree = "<group>"; };
		4345D2E4743E4582B3B67D7A /* Pods-OnrampProject.debug.xcconfig */ = {isa = PBXFileReference; includeInIndex = 1; lastKnownFileType = text.xcconfig; name = "Pods-OnrampProject.debug.xcconfig"; path = "Target Support Files/Pods-OnrampProject/Pods-OnrampProject.debug.xcconfig"; sourceTree = "<group>"; };
		59CD0F04C6C65205A89FF4BD /* Pods-OnrampProjectTests.release.xcconfig */ = {isa = PBXFileReference; includeInIndex = 1; lastKnownFileType = text.xcconfig; name = "Pods-OnrampProjectTests.release.xcconfig"; path = "Target Support Files/Pods-OnrampProjectTests/Pods-OnrampProjectTests.release.xcconfig"; sourceTree = "<group>"; };
		6030FC6C23FF0C79007F0901 /* OnrampProject.app */ = {isa = PBXFileReference; explicitFileType = wrapper.application; includeInIndex = 0; path = OnrampProject.app; sourceTree = BUILT_PRODUCTS_DIR; };
		6030FC6F23FF0C79007F0901 /* AppDelegate.swift */ = {isa = PBXFileReference; lastKnownFileType = sourcecode.swift; path = AppDelegate.swift; sourceTree = "<group>"; };
		6030FC7123FF0C79007F0901 /* SceneDelegate.swift */ = {isa = PBXFileReference; lastKnownFileType = sourcecode.swift; path = SceneDelegate.swift; sourceTree = "<group>"; };
		6030FC7323FF0C79007F0901 /* WeatherViewController.swift */ = {isa = PBXFileReference; lastKnownFileType = sourcecode.swift; path = WeatherViewController.swift; sourceTree = "<group>"; };
		6030FC7623FF0C79007F0901 /* Base */ = {isa = PBXFileReference; lastKnownFileType = file.storyboard; name = Base; path = Base.lproj/Main.storyboard; sourceTree = "<group>"; };
		6030FC7823FF0C7A007F0901 /* Assets.xcassets */ = {isa = PBXFileReference; lastKnownFileType = folder.assetcatalog; path = Assets.xcassets; sourceTree = "<group>"; };
		6030FC7B23FF0C7A007F0901 /* Base */ = {isa = PBXFileReference; lastKnownFileType = file.storyboard; name = Base; path = Base.lproj/LaunchScreen.storyboard; sourceTree = "<group>"; };
		6030FC7D23FF0C7A007F0901 /* Info.plist */ = {isa = PBXFileReference; lastKnownFileType = text.plist.xml; path = Info.plist; sourceTree = "<group>"; };
		6030FC8223FF0C7A007F0901 /* OnrampProjectTests.xctest */ = {isa = PBXFileReference; explicitFileType = wrapper.cfbundle; includeInIndex = 0; path = OnrampProjectTests.xctest; sourceTree = BUILT_PRODUCTS_DIR; };
		6030FC8623FF0C7A007F0901 /* OnrampProjectTests.swift */ = {isa = PBXFileReference; lastKnownFileType = sourcecode.swift; path = OnrampProjectTests.swift; sourceTree = "<group>"; };
		6030FC8823FF0C7A007F0901 /* Info.plist */ = {isa = PBXFileReference; lastKnownFileType = text.plist.xml; path = Info.plist; sourceTree = "<group>"; };
		6030FC8D23FF0C7A007F0901 /* OnrampProjectUITests.xctest */ = {isa = PBXFileReference; explicitFileType = wrapper.cfbundle; includeInIndex = 0; path = OnrampProjectUITests.xctest; sourceTree = BUILT_PRODUCTS_DIR; };
		6030FC9123FF0C7A007F0901 /* OnrampProjectUITests.swift */ = {isa = PBXFileReference; lastKnownFileType = sourcecode.swift; path = OnrampProjectUITests.swift; sourceTree = "<group>"; };
		6030FC9323FF0C7A007F0901 /* Info.plist */ = {isa = PBXFileReference; lastKnownFileType = text.plist.xml; path = Info.plist; sourceTree = "<group>"; };
		93778C92E27F31A842031435 /* Pods_OnrampProject_OnrampProjectUITests.framework */ = {isa = PBXFileReference; explicitFileType = wrapper.framework; includeInIndex = 0; path = Pods_OnrampProject_OnrampProjectUITests.framework; sourceTree = BUILT_PRODUCTS_DIR; };
		AB418A9F2415BD9E003852B3 /* HourlyWeatherViewController.swift */ = {isa = PBXFileReference; lastKnownFileType = sourcecode.swift; path = HourlyWeatherViewController.swift; sourceTree = "<group>"; };
		AB418AA1241746DE003852B3 /* RequestLocationViewController.swift */ = {isa = PBXFileReference; indentWidth = 4; lastKnownFileType = sourcecode.swift; path = RequestLocationViewController.swift; sourceTree = "<group>"; };
		ABF9B41A241871A90096F563 /* LocationViewModel.swift */ = {isa = PBXFileReference; lastKnownFileType = sourcecode.swift; path = LocationViewModel.swift; sourceTree = "<group>"; };
		ABF9B41C2419B21F0096F563 /* LoadingViewController.swift */ = {isa = PBXFileReference; lastKnownFileType = sourcecode.swift; path = LoadingViewController.swift; sourceTree = "<group>"; };
		AE522B3F23D1B668092FF989 /* Pods_OnrampProject.framework */ = {isa = PBXFileReference; explicitFileType = wrapper.framework; includeInIndex = 0; path = Pods_OnrampProject.framework; sourceTree = BUILT_PRODUCTS_DIR; };
		B1BAB3E1459CFFFBF05753BA /* Pods-OnrampProjectTests.debug.xcconfig */ = {isa = PBXFileReference; includeInIndex = 1; lastKnownFileType = text.xcconfig; name = "Pods-OnrampProjectTests.debug.xcconfig"; path = "Target Support Files/Pods-OnrampProjectTests/Pods-OnrampProjectTests.debug.xcconfig"; sourceTree = "<group>"; };
		EB2D0250240F076C005C2241 /* ModelImageCell.swift */ = {isa = PBXFileReference; lastKnownFileType = sourcecode.swift; path = ModelImageCell.swift; sourceTree = "<group>"; };
		EB2D0256240F0AAE005C2241 /* ModelImageView.swift */ = {isa = PBXFileReference; lastKnownFileType = sourcecode.swift; path = ModelImageView.swift; sourceTree = "<group>"; };
		EB2D0258240F0AC3005C2241 /* ModelImageView.xib */ = {isa = PBXFileReference; lastKnownFileType = file.xib; path = ModelImageView.xib; sourceTree = "<group>"; };
		EB3B341924104D4D0037807F /* ModelImageViewModel.swift */ = {isa = PBXFileReference; lastKnownFileType = sourcecode.swift; path = ModelImageViewModel.swift; sourceTree = "<group>"; };
		EB3B341B241056340037807F /* Constants.swift */ = {isa = PBXFileReference; lastKnownFileType = sourcecode.swift; path = Constants.swift; sourceTree = "<group>"; };
		EB950EA1240B6BDE00096825 /* WeatherViewModel.swift */ = {isa = PBXFileReference; lastKnownFileType = sourcecode.swift; path = WeatherViewModel.swift; sourceTree = "<group>"; };
		EB950EA3240B6F4F00096825 /* BaeImage.swift */ = {isa = PBXFileReference; lastKnownFileType = sourcecode.swift; path = BaeImage.swift; sourceTree = "<group>"; };
		EB950EA6240B7ADD00096825 /* Weather.swift */ = {isa = PBXFileReference; indentWidth = 4; lastKnownFileType = sourcecode.swift; path = Weather.swift; sourceTree = "<group>"; tabWidth = 2; };
		EBA5EB16241097E5003143B1 /* ModelImageDetailsViewController.swift */ = {isa = PBXFileReference; lastKnownFileType = sourcecode.swift; path = ModelImageDetailsViewController.swift; sourceTree = "<group>"; };
		EBD469CE2411B717004E80DC /* Settings.swift */ = {isa = PBXFileReference; lastKnownFileType = sourcecode.swift; path = Settings.swift; sourceTree = "<group>"; };
		EBD469D224121CC2004E80DC /* UserDefaultsService.swift */ = {isa = PBXFileReference; lastKnownFileType = sourcecode.swift; path = UserDefaultsService.swift; sourceTree = "<group>"; };
		EBE9EF74240D0FEA002817C7 /* SettingsViewController.swift */ = {isa = PBXFileReference; lastKnownFileType = sourcecode.swift; path = SettingsViewController.swift; sourceTree = "<group>"; };
		EBF176DB240B9D3E005AB1F8 /* HourlyWeatherBlockViewModel.swift */ = {isa = PBXFileReference; lastKnownFileType = sourcecode.swift; path = HourlyWeatherBlockViewModel.swift; sourceTree = "<group>"; };
		EBF176DF240CA19F005AB1F8 /* WeatherNetworkService.swift */ = {isa = PBXFileReference; lastKnownFileType = sourcecode.swift; path = WeatherNetworkService.swift; sourceTree = "<group>"; };
		EBFC751124122D2F00FE3E5C /* WeatherCategoryView.xib */ = {isa = PBXFileReference; lastKnownFileType = file.xib; path = WeatherCategoryView.xib; sourceTree = "<group>"; };
		EBFC751324122D4500FE3E5C /* WeatherCategoryView.swift */ = {isa = PBXFileReference; lastKnownFileType = sourcecode.swift; path = WeatherCategoryView.swift; sourceTree = "<group>"; };
		EFBDCB4EB90E79F599947BFB /* Pods-OnrampProject.release.xcconfig */ = {isa = PBXFileReference; includeInIndex = 1; lastKnownFileType = text.xcconfig; name = "Pods-OnrampProject.release.xcconfig"; path = "Target Support Files/Pods-OnrampProject/Pods-OnrampProject.release.xcconfig"; sourceTree = "<group>"; };
		F205FEDC3417D736E9D44C50 /* Pods-OnrampProject-OnrampProjectUITests.debug.xcconfig */ = {isa = PBXFileReference; includeInIndex = 1; lastKnownFileType = text.xcconfig; name = "Pods-OnrampProject-OnrampProjectUITests.debug.xcconfig"; path = "Target Support Files/Pods-OnrampProject-OnrampProjectUITests/Pods-OnrampProject-OnrampProjectUITests.debug.xcconfig"; sourceTree = "<group>"; };
/* End PBXFileReference section */

/* Begin PBXFrameworksBuildPhase section */
		6030FC6923FF0C79007F0901 /* Frameworks */ = {
			isa = PBXFrameworksBuildPhase;
			buildActionMask = 2147483647;
			files = (
				65891E2B8F0A052F4AA309AC /* Pods_OnrampProject.framework in Frameworks */,
			);
			runOnlyForDeploymentPostprocessing = 0;
		};
		6030FC7F23FF0C7A007F0901 /* Frameworks */ = {
			isa = PBXFrameworksBuildPhase;
			buildActionMask = 2147483647;
			files = (
				D4D791C336B291AE9947D6F3 /* Pods_OnrampProjectTests.framework in Frameworks */,
			);
			runOnlyForDeploymentPostprocessing = 0;
		};
		6030FC8A23FF0C7A007F0901 /* Frameworks */ = {
			isa = PBXFrameworksBuildPhase;
			buildActionMask = 2147483647;
			files = (
				39DCE37469B1285E15E1418B /* Pods_OnrampProject_OnrampProjectUITests.framework in Frameworks */,
			);
			runOnlyForDeploymentPostprocessing = 0;
		};
/* End PBXFrameworksBuildPhase section */

/* Begin PBXGroup section */
		3FA0E01E7CAE20D0671B50F3 /* Frameworks */ = {
			isa = PBXGroup;
			children = (
				AE522B3F23D1B668092FF989 /* Pods_OnrampProject.framework */,
				93778C92E27F31A842031435 /* Pods_OnrampProject_OnrampProjectUITests.framework */,
				0D64DA9D626AEDFAD8945F06 /* Pods_OnrampProjectTests.framework */,
			);
			name = Frameworks;
			sourceTree = "<group>";
		};
		6030FC6323FF0C79007F0901 = {
			isa = PBXGroup;
			children = (
				6030FC6E23FF0C79007F0901 /* OnrampProject */,
				6030FC8523FF0C7A007F0901 /* OnrampProjectTests */,
				6030FC9023FF0C7A007F0901 /* OnrampProjectUITests */,
				6030FC6D23FF0C79007F0901 /* Products */,
				B378E105EE9C327CE8F9C20D /* Pods */,
				3FA0E01E7CAE20D0671B50F3 /* Frameworks */,
			);
			sourceTree = "<group>";
		};
		6030FC6D23FF0C79007F0901 /* Products */ = {
			isa = PBXGroup;
			children = (
				6030FC6C23FF0C79007F0901 /* OnrampProject.app */,
				6030FC8223FF0C7A007F0901 /* OnrampProjectTests.xctest */,
				6030FC8D23FF0C7A007F0901 /* OnrampProjectUITests.xctest */,
			);
			name = Products;
			sourceTree = "<group>";
		};
		6030FC6E23FF0C79007F0901 /* OnrampProject */ = {
			isa = PBXGroup;
			children = (
				EBF176DD240CA149005AB1F8 /* Services */,
				EB950EA5240B7A1400096825 /* ViewModels */,
				EB950EA0240B6B1D00096825 /* Models */,
				EB605B0D240B49B4001DFE40 /* Controllers */,
				EB605B0C240B499C001DFE40 /* Views */,
				6030FC6F23FF0C79007F0901 /* AppDelegate.swift */,
				6030FC7123FF0C79007F0901 /* SceneDelegate.swift */,
				6030FC7823FF0C7A007F0901 /* Assets.xcassets */,
				6030FC7D23FF0C7A007F0901 /* Info.plist */,
				EB3B341B241056340037807F /* Constants.swift */,
			);
			path = OnrampProject;
			sourceTree = "<group>";
		};
		6030FC8523FF0C7A007F0901 /* OnrampProjectTests */ = {
			isa = PBXGroup;
			children = (
				6030FC8623FF0C7A007F0901 /* OnrampProjectTests.swift */,
				6030FC8823FF0C7A007F0901 /* Info.plist */,
			);
			path = OnrampProjectTests;
			sourceTree = "<group>";
		};
		6030FC9023FF0C7A007F0901 /* OnrampProjectUITests */ = {
			isa = PBXGroup;
			children = (
				6030FC9123FF0C7A007F0901 /* OnrampProjectUITests.swift */,
				6030FC9323FF0C7A007F0901 /* Info.plist */,
			);
			path = OnrampProjectUITests;
			sourceTree = "<group>";
		};
		B378E105EE9C327CE8F9C20D /* Pods */ = {
			isa = PBXGroup;
			children = (
				4345D2E4743E4582B3B67D7A /* Pods-OnrampProject.debug.xcconfig */,
				EFBDCB4EB90E79F599947BFB /* Pods-OnrampProject.release.xcconfig */,
				F205FEDC3417D736E9D44C50 /* Pods-OnrampProject-OnrampProjectUITests.debug.xcconfig */,
				2F5A11EB90CAA655AE837397 /* Pods-OnrampProject-OnrampProjectUITests.release.xcconfig */,
				B1BAB3E1459CFFFBF05753BA /* Pods-OnrampProjectTests.debug.xcconfig */,
				59CD0F04C6C65205A89FF4BD /* Pods-OnrampProjectTests.release.xcconfig */,
			);
			path = Pods;
			sourceTree = "<group>";
		};
		EB605B0C240B499C001DFE40 /* Views */ = {
			isa = PBXGroup;
			children = (
				6030FC7523FF0C79007F0901 /* Main.storyboard */,
				6030FC7A23FF0C7A007F0901 /* LaunchScreen.storyboard */,
				EB2D0250240F076C005C2241 /* ModelImageCell.swift */,
				EB2D0256240F0AAE005C2241 /* ModelImageView.swift */,
				EB2D0258240F0AC3005C2241 /* ModelImageView.xib */,
				EBFC751124122D2F00FE3E5C /* WeatherCategoryView.xib */,
				EBFC751324122D4500FE3E5C /* WeatherCategoryView.swift */,
			);
			path = Views;
			sourceTree = "<group>";
		};
		EB605B0D240B49B4001DFE40 /* Controllers */ = {
			isa = PBXGroup;
			children = (
				6030FC7323FF0C79007F0901 /* WeatherViewController.swift */,
				EBE9EF74240D0FEA002817C7 /* SettingsViewController.swift */,
				EBA5EB16241097E5003143B1 /* ModelImageDetailsViewController.swift */,
				AB418A9F2415BD9E003852B3 /* HourlyWeatherViewController.swift */,
				AB418AA1241746DE003852B3 /* RequestLocationViewController.swift */,
				ABF9B41C2419B21F0096F563 /* LoadingViewController.swift */,
			);
			path = Controllers;
			sourceTree = "<group>";
		};
		EB950EA0240B6B1D00096825 /* Models */ = {
			isa = PBXGroup;
			children = (
				EB950EA3240B6F4F00096825 /* BaeImage.swift */,
				EB950EA6240B7ADD00096825 /* Weather.swift */,
				EBD469CE2411B717004E80DC /* Settings.swift */,
			);
			path = Models;
			sourceTree = "<group>";
		};
		EB950EA5240B7A1400096825 /* ViewModels */ = {
			isa = PBXGroup;
			children = (
				EB950EA1240B6BDE00096825 /* WeatherViewModel.swift */,
				EBF176DB240B9D3E005AB1F8 /* HourlyWeatherBlockViewModel.swift */,
				EB3B341924104D4D0037807F /* ModelImageViewModel.swift */,
				ABF9B41A241871A90096F563 /* LocationViewModel.swift */,
			);
			path = ViewModels;
			sourceTree = "<group>";
		};
		EBF176DD240CA149005AB1F8 /* Services */ = {
			isa = PBXGroup;
			children = (
				EBF176DE240CA169005AB1F8 /* Api */,
				EBD469D224121CC2004E80DC /* UserDefaultsService.swift */,
			);
			path = Services;
			sourceTree = "<group>";
		};
		EBF176DE240CA169005AB1F8 /* Api */ = {
			isa = PBXGroup;
			children = (
				EBF176DF240CA19F005AB1F8 /* WeatherNetworkService.swift */,
			);
			path = Api;
			sourceTree = "<group>";
		};
/* End PBXGroup section */

/* Begin PBXNativeTarget section */
		6030FC6B23FF0C79007F0901 /* OnrampProject */ = {
			isa = PBXNativeTarget;
			buildConfigurationList = 6030FC9623FF0C7A007F0901 /* Build configuration list for PBXNativeTarget "OnrampProject" */;
			buildPhases = (
				10BD0691C936897E8AA5A29D /* [CP] Check Pods Manifest.lock */,
				6030FC6823FF0C79007F0901 /* Sources */,
				6030FC6923FF0C79007F0901 /* Frameworks */,
				6030FC6A23FF0C79007F0901 /* Resources */,
				E7E84D41A08E8B19E687FF74 /* [CP] Embed Pods Frameworks */,
			);
			buildRules = (
			);
			dependencies = (
			);
			name = OnrampProject;
			productName = OnrampProject;
			productReference = 6030FC6C23FF0C79007F0901 /* OnrampProject.app */;
			productType = "com.apple.product-type.application";
		};
		6030FC8123FF0C7A007F0901 /* OnrampProjectTests */ = {
			isa = PBXNativeTarget;
			buildConfigurationList = 6030FC9923FF0C7A007F0901 /* Build configuration list for PBXNativeTarget "OnrampProjectTests" */;
			buildPhases = (
				8DC39B4B6D11078A9F0C2046 /* [CP] Check Pods Manifest.lock */,
				6030FC7E23FF0C7A007F0901 /* Sources */,
				6030FC7F23FF0C7A007F0901 /* Frameworks */,
				6030FC8023FF0C7A007F0901 /* Resources */,
			);
			buildRules = (
			);
			dependencies = (
				6030FC8423FF0C7A007F0901 /* PBXTargetDependency */,
			);
			name = OnrampProjectTests;
			productName = OnrampProjectTests;
			productReference = 6030FC8223FF0C7A007F0901 /* OnrampProjectTests.xctest */;
			productType = "com.apple.product-type.bundle.unit-test";
		};
		6030FC8C23FF0C7A007F0901 /* OnrampProjectUITests */ = {
			isa = PBXNativeTarget;
			buildConfigurationList = 6030FC9C23FF0C7A007F0901 /* Build configuration list for PBXNativeTarget "OnrampProjectUITests" */;
			buildPhases = (
				7D7A6B536FEFD5E6D0894EAC /* [CP] Check Pods Manifest.lock */,
				6030FC8923FF0C7A007F0901 /* Sources */,
				6030FC8A23FF0C7A007F0901 /* Frameworks */,
				6030FC8B23FF0C7A007F0901 /* Resources */,
				CBDEED190A529A834527C869 /* [CP] Embed Pods Frameworks */,
			);
			buildRules = (
			);
			dependencies = (
				6030FC8F23FF0C7A007F0901 /* PBXTargetDependency */,
			);
			name = OnrampProjectUITests;
			productName = OnrampProjectUITests;
			productReference = 6030FC8D23FF0C7A007F0901 /* OnrampProjectUITests.xctest */;
			productType = "com.apple.product-type.bundle.ui-testing";
		};
/* End PBXNativeTarget section */

/* Begin PBXProject section */
		6030FC6423FF0C79007F0901 /* Project object */ = {
			isa = PBXProject;
			attributes = {
				LastSwiftUpdateCheck = 1130;
				LastUpgradeCheck = 1130;
				TargetAttributes = {
					6030FC6B23FF0C79007F0901 = {
						CreatedOnToolsVersion = 11.3.1;
					};
					6030FC8123FF0C7A007F0901 = {
						CreatedOnToolsVersion = 11.3.1;
						TestTargetID = 6030FC6B23FF0C79007F0901;
					};
					6030FC8C23FF0C7A007F0901 = {
						CreatedOnToolsVersion = 11.3.1;
						TestTargetID = 6030FC6B23FF0C79007F0901;
					};
				};
			};
			buildConfigurationList = 6030FC6723FF0C79007F0901 /* Build configuration list for PBXProject "OnrampProject" */;
			compatibilityVersion = "Xcode 9.3";
			developmentRegion = en;
			hasScannedForEncodings = 0;
			knownRegions = (
				en,
				Base,
			);
			mainGroup = 6030FC6323FF0C79007F0901;
			productRefGroup = 6030FC6D23FF0C79007F0901 /* Products */;
			projectDirPath = "";
			projectRoot = "";
			targets = (
				6030FC6B23FF0C79007F0901 /* OnrampProject */,
				6030FC8123FF0C7A007F0901 /* OnrampProjectTests */,
				6030FC8C23FF0C7A007F0901 /* OnrampProjectUITests */,
			);
		};
/* End PBXProject section */

/* Begin PBXResourcesBuildPhase section */
		6030FC6A23FF0C79007F0901 /* Resources */ = {
			isa = PBXResourcesBuildPhase;
			buildActionMask = 2147483647;
			files = (
				EBFC751224122D2F00FE3E5C /* WeatherCategoryView.xib in Resources */,
				6030FC7C23FF0C7A007F0901 /* LaunchScreen.storyboard in Resources */,
				EB2D0259240F0AC3005C2241 /* ModelImageView.xib in Resources */,
				6030FC7923FF0C7A007F0901 /* Assets.xcassets in Resources */,
				6030FC7723FF0C79007F0901 /* Main.storyboard in Resources */,
			);
			runOnlyForDeploymentPostprocessing = 0;
		};
		6030FC8023FF0C7A007F0901 /* Resources */ = {
			isa = PBXResourcesBuildPhase;
			buildActionMask = 2147483647;
			files = (
			);
			runOnlyForDeploymentPostprocessing = 0;
		};
		6030FC8B23FF0C7A007F0901 /* Resources */ = {
			isa = PBXResourcesBuildPhase;
			buildActionMask = 2147483647;
			files = (
			);
			runOnlyForDeploymentPostprocessing = 0;
		};
/* End PBXResourcesBuildPhase section */

/* Begin PBXShellScriptBuildPhase section */
		10BD0691C936897E8AA5A29D /* [CP] Check Pods Manifest.lock */ = {
			isa = PBXShellScriptBuildPhase;
			buildActionMask = 2147483647;
			files = (
			);
			inputFileListPaths = (
			);
			inputPaths = (
				"${PODS_PODFILE_DIR_PATH}/Podfile.lock",
				"${PODS_ROOT}/Manifest.lock",
			);
			name = "[CP] Check Pods Manifest.lock";
			outputFileListPaths = (
			);
			outputPaths = (
				"$(DERIVED_FILE_DIR)/Pods-OnrampProject-checkManifestLockResult.txt",
			);
			runOnlyForDeploymentPostprocessing = 0;
			shellPath = /bin/sh;
			shellScript = "diff \"${PODS_PODFILE_DIR_PATH}/Podfile.lock\" \"${PODS_ROOT}/Manifest.lock\" > /dev/null\nif [ $? != 0 ] ; then\n    # print error to STDERR\n    echo \"error: The sandbox is not in sync with the Podfile.lock. Run 'pod install' or update your CocoaPods installation.\" >&2\n    exit 1\nfi\n# This output is used by Xcode 'outputs' to avoid re-running this script phase.\necho \"SUCCESS\" > \"${SCRIPT_OUTPUT_FILE_0}\"\n";
			showEnvVarsInLog = 0;
		};
		7D7A6B536FEFD5E6D0894EAC /* [CP] Check Pods Manifest.lock */ = {
			isa = PBXShellScriptBuildPhase;
			buildActionMask = 2147483647;
			files = (
			);
			inputFileListPaths = (
			);
			inputPaths = (
				"${PODS_PODFILE_DIR_PATH}/Podfile.lock",
				"${PODS_ROOT}/Manifest.lock",
			);
			name = "[CP] Check Pods Manifest.lock";
			outputFileListPaths = (
			);
			outputPaths = (
				"$(DERIVED_FILE_DIR)/Pods-OnrampProject-OnrampProjectUITests-checkManifestLockResult.txt",
			);
			runOnlyForDeploymentPostprocessing = 0;
			shellPath = /bin/sh;
			shellScript = "diff \"${PODS_PODFILE_DIR_PATH}/Podfile.lock\" \"${PODS_ROOT}/Manifest.lock\" > /dev/null\nif [ $? != 0 ] ; then\n    # print error to STDERR\n    echo \"error: The sandbox is not in sync with the Podfile.lock. Run 'pod install' or update your CocoaPods installation.\" >&2\n    exit 1\nfi\n# This output is used by Xcode 'outputs' to avoid re-running this script phase.\necho \"SUCCESS\" > \"${SCRIPT_OUTPUT_FILE_0}\"\n";
			showEnvVarsInLog = 0;
		};
		8DC39B4B6D11078A9F0C2046 /* [CP] Check Pods Manifest.lock */ = {
			isa = PBXShellScriptBuildPhase;
			buildActionMask = 2147483647;
			files = (
			);
			inputFileListPaths = (
			);
			inputPaths = (
				"${PODS_PODFILE_DIR_PATH}/Podfile.lock",
				"${PODS_ROOT}/Manifest.lock",
			);
			name = "[CP] Check Pods Manifest.lock";
			outputFileListPaths = (
			);
			outputPaths = (
				"$(DERIVED_FILE_DIR)/Pods-OnrampProjectTests-checkManifestLockResult.txt",
			);
			runOnlyForDeploymentPostprocessing = 0;
			shellPath = /bin/sh;
			shellScript = "diff \"${PODS_PODFILE_DIR_PATH}/Podfile.lock\" \"${PODS_ROOT}/Manifest.lock\" > /dev/null\nif [ $? != 0 ] ; then\n    # print error to STDERR\n    echo \"error: The sandbox is not in sync with the Podfile.lock. Run 'pod install' or update your CocoaPods installation.\" >&2\n    exit 1\nfi\n# This output is used by Xcode 'outputs' to avoid re-running this script phase.\necho \"SUCCESS\" > \"${SCRIPT_OUTPUT_FILE_0}\"\n";
			showEnvVarsInLog = 0;
		};
		CBDEED190A529A834527C869 /* [CP] Embed Pods Frameworks */ = {
			isa = PBXShellScriptBuildPhase;
			buildActionMask = 2147483647;
			files = (
			);
			inputFileListPaths = (
				"${PODS_ROOT}/Target Support Files/Pods-OnrampProject-OnrampProjectUITests/Pods-OnrampProject-OnrampProjectUITests-frameworks-${CONFIGURATION}-input-files.xcfilelist",
			);
			name = "[CP] Embed Pods Frameworks";
			outputFileListPaths = (
				"${PODS_ROOT}/Target Support Files/Pods-OnrampProject-OnrampProjectUITests/Pods-OnrampProject-OnrampProjectUITests-frameworks-${CONFIGURATION}-output-files.xcfilelist",
			);
			runOnlyForDeploymentPostprocessing = 0;
			shellPath = /bin/sh;
			shellScript = "\"${PODS_ROOT}/Target Support Files/Pods-OnrampProject-OnrampProjectUITests/Pods-OnrampProject-OnrampProjectUITests-frameworks.sh\"\n";
			showEnvVarsInLog = 0;
		};
		E7E84D41A08E8B19E687FF74 /* [CP] Embed Pods Frameworks */ = {
			isa = PBXShellScriptBuildPhase;
			buildActionMask = 2147483647;
			files = (
			);
			inputFileListPaths = (
				"${PODS_ROOT}/Target Support Files/Pods-OnrampProject/Pods-OnrampProject-frameworks-${CONFIGURATION}-input-files.xcfilelist",
			);
			name = "[CP] Embed Pods Frameworks";
			outputFileListPaths = (
				"${PODS_ROOT}/Target Support Files/Pods-OnrampProject/Pods-OnrampProject-frameworks-${CONFIGURATION}-output-files.xcfilelist",
			);
			runOnlyForDeploymentPostprocessing = 0;
			shellPath = /bin/sh;
			shellScript = "\"${PODS_ROOT}/Target Support Files/Pods-OnrampProject/Pods-OnrampProject-frameworks.sh\"\n";
			showEnvVarsInLog = 0;
		};
/* End PBXShellScriptBuildPhase section */

/* Begin PBXSourcesBuildPhase section */
		6030FC6823FF0C79007F0901 /* Sources */ = {
			isa = PBXSourcesBuildPhase;
			buildActionMask = 2147483647;
			files = (
				EBF176DC240B9D3E005AB1F8 /* HourlyWeatherBlockViewModel.swift in Sources */,
				EBF176E0240CA19F005AB1F8 /* WeatherNetworkService.swift in Sources */,
				AB418AA02415BD9E003852B3 /* HourlyWeatherViewController.swift in Sources */,
				ABF9B41B241871AA0096F563 /* LocationViewModel.swift in Sources */,
				EB2D0257240F0AAE005C2241 /* ModelImageView.swift in Sources */,
				EB950EA2240B6BDE00096825 /* WeatherViewModel.swift in Sources */,
				6030FC7423FF0C79007F0901 /* WeatherViewController.swift in Sources */,
				EB950EA4240B6F4F00096825 /* BaeImage.swift in Sources */,
				6030FC7023FF0C79007F0901 /* AppDelegate.swift in Sources */,
				AB418AA2241746DE003852B3 /* RequestLocationViewController.swift in Sources */,
				EBFC751424122D4500FE3E5C /* WeatherCategoryView.swift in Sources */,
				EB2D0251240F076C005C2241 /* ModelImageCell.swift in Sources */,
				EB950EA7240B7ADD00096825 /* Weather.swift in Sources */,
				EBD469CF2411B717004E80DC /* Settings.swift in Sources */,
				ABF9B41D2419B21F0096F563 /* LoadingViewController.swift in Sources */,
				6030FC7223FF0C79007F0901 /* SceneDelegate.swift in Sources */,
				EBA5EB17241097E5003143B1 /* ModelImageDetailsViewController.swift in Sources */,
				EBD469D324121CC2004E80DC /* UserDefaultsService.swift in Sources */,
				EB3B341A24104D4D0037807F /* ModelImageViewModel.swift in Sources */,
				EBE9EF75240D0FEA002817C7 /* SettingsViewController.swift in Sources */,
				EB3B341C241056340037807F /* Constants.swift in Sources */,
			);
			runOnlyForDeploymentPostprocessing = 0;
		};
		6030FC7E23FF0C7A007F0901 /* Sources */ = {
			isa = PBXSourcesBuildPhase;
			buildActionMask = 2147483647;
			files = (
				6030FC8723FF0C7A007F0901 /* OnrampProjectTests.swift in Sources */,
			);
			runOnlyForDeploymentPostprocessing = 0;
		};
		6030FC8923FF0C7A007F0901 /* Sources */ = {
			isa = PBXSourcesBuildPhase;
			buildActionMask = 2147483647;
			files = (
				6030FC9223FF0C7A007F0901 /* OnrampProjectUITests.swift in Sources */,
			);
			runOnlyForDeploymentPostprocessing = 0;
		};
/* End PBXSourcesBuildPhase section */

/* Begin PBXTargetDependency section */
		6030FC8423FF0C7A007F0901 /* PBXTargetDependency */ = {
			isa = PBXTargetDependency;
			target = 6030FC6B23FF0C79007F0901 /* OnrampProject */;
			targetProxy = 6030FC8323FF0C7A007F0901 /* PBXContainerItemProxy */;
		};
		6030FC8F23FF0C7A007F0901 /* PBXTargetDependency */ = {
			isa = PBXTargetDependency;
			target = 6030FC6B23FF0C79007F0901 /* OnrampProject */;
			targetProxy = 6030FC8E23FF0C7A007F0901 /* PBXContainerItemProxy */;
		};
/* End PBXTargetDependency section */

/* Begin PBXVariantGroup section */
		6030FC7523FF0C79007F0901 /* Main.storyboard */ = {
			isa = PBXVariantGroup;
			children = (
				6030FC7623FF0C79007F0901 /* Base */,
			);
			name = Main.storyboard;
			sourceTree = "<group>";
		};
		6030FC7A23FF0C7A007F0901 /* LaunchScreen.storyboard */ = {
			isa = PBXVariantGroup;
			children = (
				6030FC7B23FF0C7A007F0901 /* Base */,
			);
			name = LaunchScreen.storyboard;
			sourceTree = "<group>";
		};
/* End PBXVariantGroup section */

/* Begin XCBuildConfiguration section */
		6030FC9423FF0C7A007F0901 /* Debug */ = {
			isa = XCBuildConfiguration;
			buildSettings = {
				ALWAYS_SEARCH_USER_PATHS = NO;
				CLANG_ANALYZER_NONNULL = YES;
				CLANG_ANALYZER_NUMBER_OBJECT_CONVERSION = YES_AGGRESSIVE;
				CLANG_CXX_LANGUAGE_STANDARD = "gnu++14";
				CLANG_CXX_LIBRARY = "libc++";
				CLANG_ENABLE_MODULES = YES;
				CLANG_ENABLE_OBJC_ARC = YES;
				CLANG_ENABLE_OBJC_WEAK = YES;
				CLANG_WARN_BLOCK_CAPTURE_AUTORELEASING = YES;
				CLANG_WARN_BOOL_CONVERSION = YES;
				CLANG_WARN_COMMA = YES;
				CLANG_WARN_CONSTANT_CONVERSION = YES;
				CLANG_WARN_DEPRECATED_OBJC_IMPLEMENTATIONS = YES;
				CLANG_WARN_DIRECT_OBJC_ISA_USAGE = YES_ERROR;
				CLANG_WARN_DOCUMENTATION_COMMENTS = YES;
				CLANG_WARN_EMPTY_BODY = YES;
				CLANG_WARN_ENUM_CONVERSION = YES;
				CLANG_WARN_INFINITE_RECURSION = YES;
				CLANG_WARN_INT_CONVERSION = YES;
				CLANG_WARN_NON_LITERAL_NULL_CONVERSION = YES;
				CLANG_WARN_OBJC_IMPLICIT_RETAIN_SELF = YES;
				CLANG_WARN_OBJC_LITERAL_CONVERSION = YES;
				CLANG_WARN_OBJC_ROOT_CLASS = YES_ERROR;
				CLANG_WARN_RANGE_LOOP_ANALYSIS = YES;
				CLANG_WARN_STRICT_PROTOTYPES = YES;
				CLANG_WARN_SUSPICIOUS_MOVE = YES;
				CLANG_WARN_UNGUARDED_AVAILABILITY = YES_AGGRESSIVE;
				CLANG_WARN_UNREACHABLE_CODE = YES;
				CLANG_WARN__DUPLICATE_METHOD_MATCH = YES;
				COPY_PHASE_STRIP = NO;
				DEBUG_INFORMATION_FORMAT = dwarf;
				ENABLE_STRICT_OBJC_MSGSEND = YES;
				ENABLE_TESTABILITY = YES;
				GCC_C_LANGUAGE_STANDARD = gnu11;
				GCC_DYNAMIC_NO_PIC = NO;
				GCC_NO_COMMON_BLOCKS = YES;
				GCC_OPTIMIZATION_LEVEL = 0;
				GCC_PREPROCESSOR_DEFINITIONS = (
					"DEBUG=1",
					"$(inherited)",
				);
				GCC_WARN_64_TO_32_BIT_CONVERSION = YES;
				GCC_WARN_ABOUT_RETURN_TYPE = YES_ERROR;
				GCC_WARN_UNDECLARED_SELECTOR = YES;
				GCC_WARN_UNINITIALIZED_AUTOS = YES_AGGRESSIVE;
				GCC_WARN_UNUSED_FUNCTION = YES;
				GCC_WARN_UNUSED_VARIABLE = YES;
				IPHONEOS_DEPLOYMENT_TARGET = 13.2;
				MTL_ENABLE_DEBUG_INFO = INCLUDE_SOURCE;
				MTL_FAST_MATH = YES;
				ONLY_ACTIVE_ARCH = YES;
				SDKROOT = iphoneos;
				SWIFT_ACTIVE_COMPILATION_CONDITIONS = DEBUG;
				SWIFT_OPTIMIZATION_LEVEL = "-Onone";
			};
			name = Debug;
		};
		6030FC9523FF0C7A007F0901 /* Release */ = {
			isa = XCBuildConfiguration;
			buildSettings = {
				ALWAYS_SEARCH_USER_PATHS = NO;
				CLANG_ANALYZER_NONNULL = YES;
				CLANG_ANALYZER_NUMBER_OBJECT_CONVERSION = YES_AGGRESSIVE;
				CLANG_CXX_LANGUAGE_STANDARD = "gnu++14";
				CLANG_CXX_LIBRARY = "libc++";
				CLANG_ENABLE_MODULES = YES;
				CLANG_ENABLE_OBJC_ARC = YES;
				CLANG_ENABLE_OBJC_WEAK = YES;
				CLANG_WARN_BLOCK_CAPTURE_AUTORELEASING = YES;
				CLANG_WARN_BOOL_CONVERSION = YES;
				CLANG_WARN_COMMA = YES;
				CLANG_WARN_CONSTANT_CONVERSION = YES;
				CLANG_WARN_DEPRECATED_OBJC_IMPLEMENTATIONS = YES;
				CLANG_WARN_DIRECT_OBJC_ISA_USAGE = YES_ERROR;
				CLANG_WARN_DOCUMENTATION_COMMENTS = YES;
				CLANG_WARN_EMPTY_BODY = YES;
				CLANG_WARN_ENUM_CONVERSION = YES;
				CLANG_WARN_INFINITE_RECURSION = YES;
				CLANG_WARN_INT_CONVERSION = YES;
				CLANG_WARN_NON_LITERAL_NULL_CONVERSION = YES;
				CLANG_WARN_OBJC_IMPLICIT_RETAIN_SELF = YES;
				CLANG_WARN_OBJC_LITERAL_CONVERSION = YES;
				CLANG_WARN_OBJC_ROOT_CLASS = YES_ERROR;
				CLANG_WARN_RANGE_LOOP_ANALYSIS = YES;
				CLANG_WARN_STRICT_PROTOTYPES = YES;
				CLANG_WARN_SUSPICIOUS_MOVE = YES;
				CLANG_WARN_UNGUARDED_AVAILABILITY = YES_AGGRESSIVE;
				CLANG_WARN_UNREACHABLE_CODE = YES;
				CLANG_WARN__DUPLICATE_METHOD_MATCH = YES;
				COPY_PHASE_STRIP = NO;
				DEBUG_INFORMATION_FORMAT = "dwarf-with-dsym";
				ENABLE_NS_ASSERTIONS = NO;
				ENABLE_STRICT_OBJC_MSGSEND = YES;
				GCC_C_LANGUAGE_STANDARD = gnu11;
				GCC_NO_COMMON_BLOCKS = YES;
				GCC_WARN_64_TO_32_BIT_CONVERSION = YES;
				GCC_WARN_ABOUT_RETURN_TYPE = YES_ERROR;
				GCC_WARN_UNDECLARED_SELECTOR = YES;
				GCC_WARN_UNINITIALIZED_AUTOS = YES_AGGRESSIVE;
				GCC_WARN_UNUSED_FUNCTION = YES;
				GCC_WARN_UNUSED_VARIABLE = YES;
				IPHONEOS_DEPLOYMENT_TARGET = 13.2;
				MTL_ENABLE_DEBUG_INFO = NO;
				MTL_FAST_MATH = YES;
				SDKROOT = iphoneos;
				SWIFT_COMPILATION_MODE = wholemodule;
				SWIFT_OPTIMIZATION_LEVEL = "-O";
				VALIDATE_PRODUCT = YES;
			};
			name = Release;
		};
		6030FC9723FF0C7A007F0901 /* Debug */ = {
			isa = XCBuildConfiguration;
			baseConfigurationReference = 4345D2E4743E4582B3B67D7A /* Pods-OnrampProject.debug.xcconfig */;
			buildSettings = {
				ASSETCATALOG_COMPILER_APPICON_NAME = AppIcon;
				CODE_SIGN_STYLE = Automatic;
				DEVELOPMENT_TEAM = NUPVHHY28G;
				INFOPLIST_FILE = OnrampProject/Info.plist;
				LD_RUNPATH_SEARCH_PATHS = (
					"$(inherited)",
					"@executable_path/Frameworks",
				);
				PRODUCT_BUNDLE_IDENTIFIER = com.onramp.OnrampProject;
				PRODUCT_NAME = "$(TARGET_NAME)";
				SWIFT_VERSION = 5.0;
				TARGETED_DEVICE_FAMILY = "1,2";
			};
			name = Debug;
		};
		6030FC9823FF0C7A007F0901 /* Release */ = {
			isa = XCBuildConfiguration;
			baseConfigurationReference = EFBDCB4EB90E79F599947BFB /* Pods-OnrampProject.release.xcconfig */;
			buildSettings = {
				ASSETCATALOG_COMPILER_APPICON_NAME = AppIcon;
				CODE_SIGN_STYLE = Automatic;
				DEVELOPMENT_TEAM = NUPVHHY28G;
				INFOPLIST_FILE = OnrampProject/Info.plist;
				LD_RUNPATH_SEARCH_PATHS = (
					"$(inherited)",
					"@executable_path/Frameworks",
				);
				PRODUCT_BUNDLE_IDENTIFIER = com.onramp.OnrampProject;
				PRODUCT_NAME = "$(TARGET_NAME)";
				SWIFT_VERSION = 5.0;
				TARGETED_DEVICE_FAMILY = "1,2";
			};
			name = Release;
		};
		6030FC9A23FF0C7A007F0901 /* Debug */ = {
			isa = XCBuildConfiguration;
			baseConfigurationReference = B1BAB3E1459CFFFBF05753BA /* Pods-OnrampProjectTests.debug.xcconfig */;
			buildSettings = {
				ALWAYS_EMBED_SWIFT_STANDARD_LIBRARIES = YES;
				BUNDLE_LOADER = "$(TEST_HOST)";
				CODE_SIGN_STYLE = Automatic;
				INFOPLIST_FILE = OnrampProjectTests/Info.plist;
				IPHONEOS_DEPLOYMENT_TARGET = 13.2;
				LD_RUNPATH_SEARCH_PATHS = (
					"$(inherited)",
					"@executable_path/Frameworks",
					"@loader_path/Frameworks",
				);
				PRODUCT_BUNDLE_IDENTIFIER = com.onramp.OnrampProjectTests;
				PRODUCT_NAME = "$(TARGET_NAME)";
				SWIFT_VERSION = 5.0;
				TARGETED_DEVICE_FAMILY = "1,2";
				TEST_HOST = "$(BUILT_PRODUCTS_DIR)/OnrampProject.app/OnrampProject";
			};
			name = Debug;
		};
		6030FC9B23FF0C7A007F0901 /* Release */ = {
			isa = XCBuildConfiguration;
			baseConfigurationReference = 59CD0F04C6C65205A89FF4BD /* Pods-OnrampProjectTests.release.xcconfig */;
			buildSettings = {
				ALWAYS_EMBED_SWIFT_STANDARD_LIBRARIES = YES;
				BUNDLE_LOADER = "$(TEST_HOST)";
				CODE_SIGN_STYLE = Automatic;
				INFOPLIST_FILE = OnrampProjectTests/Info.plist;
				IPHONEOS_DEPLOYMENT_TARGET = 13.2;
				LD_RUNPATH_SEARCH_PATHS = (
					"$(inherited)",
					"@executable_path/Frameworks",
					"@loader_path/Frameworks",
				);
				PRODUCT_BUNDLE_IDENTIFIER = com.onramp.OnrampProjectTests;
				PRODUCT_NAME = "$(TARGET_NAME)";
				SWIFT_VERSION = 5.0;
				TARGETED_DEVICE_FAMILY = "1,2";
				TEST_HOST = "$(BUILT_PRODUCTS_DIR)/OnrampProject.app/OnrampProject";
			};
			name = Release;
		};
		6030FC9D23FF0C7A007F0901 /* Debug */ = {
			isa = XCBuildConfiguration;
			baseConfigurationReference = F205FEDC3417D736E9D44C50 /* Pods-OnrampProject-OnrampProjectUITests.debug.xcconfig */;
			buildSettings = {
				ALWAYS_EMBED_SWIFT_STANDARD_LIBRARIES = YES;
				CODE_SIGN_STYLE = Automatic;
				INFOPLIST_FILE = OnrampProjectUITests/Info.plist;
				LD_RUNPATH_SEARCH_PATHS = (
					"$(inherited)",
					"@executable_path/Frameworks",
					"@loader_path/Frameworks",
				);
				PRODUCT_BUNDLE_IDENTIFIER = com.onramp.OnrampProjectUITests;
				PRODUCT_NAME = "$(TARGET_NAME)";
				SWIFT_VERSION = 5.0;
				TARGETED_DEVICE_FAMILY = "1,2";
				TEST_TARGET_NAME = OnrampProject;
			};
			name = Debug;
		};
		6030FC9E23FF0C7A007F0901 /* Release */ = {
			isa = XCBuildConfiguration;
			baseConfigurationReference = 2F5A11EB90CAA655AE837397 /* Pods-OnrampProject-OnrampProjectUITests.release.xcconfig */;
			buildSettings = {
				ALWAYS_EMBED_SWIFT_STANDARD_LIBRARIES = YES;
				CODE_SIGN_STYLE = Automatic;
				INFOPLIST_FILE = OnrampProjectUITests/Info.plist;
				LD_RUNPATH_SEARCH_PATHS = (
					"$(inherited)",
					"@executable_path/Frameworks",
					"@loader_path/Frameworks",
				);
				PRODUCT_BUNDLE_IDENTIFIER = com.onramp.OnrampProjectUITests;
				PRODUCT_NAME = "$(TARGET_NAME)";
				SWIFT_VERSION = 5.0;
				TARGETED_DEVICE_FAMILY = "1,2";
				TEST_TARGET_NAME = OnrampProject;
			};
			name = Release;
		};
/* End XCBuildConfiguration section */

/* Begin XCConfigurationList section */
		6030FC6723FF0C79007F0901 /* Build configuration list for PBXProject "OnrampProject" */ = {
			isa = XCConfigurationList;
			buildConfigurations = (
				6030FC9423FF0C7A007F0901 /* Debug */,
				6030FC9523FF0C7A007F0901 /* Release */,
			);
			defaultConfigurationIsVisible = 0;
			defaultConfigurationName = Release;
		};
		6030FC9623FF0C7A007F0901 /* Build configuration list for PBXNativeTarget "OnrampProject" */ = {
			isa = XCConfigurationList;
			buildConfigurations = (
				6030FC9723FF0C7A007F0901 /* Debug */,
				6030FC9823FF0C7A007F0901 /* Release */,
			);
			defaultConfigurationIsVisible = 0;
			defaultConfigurationName = Release;
		};
		6030FC9923FF0C7A007F0901 /* Build configuration list for PBXNativeTarget "OnrampProjectTests" */ = {
			isa = XCConfigurationList;
			buildConfigurations = (
				6030FC9A23FF0C7A007F0901 /* Debug */,
				6030FC9B23FF0C7A007F0901 /* Release */,
			);
			defaultConfigurationIsVisible = 0;
			defaultConfigurationName = Release;
		};
		6030FC9C23FF0C7A007F0901 /* Build configuration list for PBXNativeTarget "OnrampProjectUITests" */ = {
			isa = XCConfigurationList;
			buildConfigurations = (
				6030FC9D23FF0C7A007F0901 /* Debug */,
				6030FC9E23FF0C7A007F0901 /* Release */,
			);
			defaultConfigurationIsVisible = 0;
			defaultConfigurationName = Release;
		};
/* End XCConfigurationList section */
	};
	rootObject = 6030FC6423FF0C79007F0901 /* Project object */;
}
