// !$*UTF8*$!
{
	archiveVersion = 1;
	classes = {
	};
	objectVersion = 51;
	objects = {

/* Begin PBXBuildFile section */
		2E78F1F01F0D90E5290D80C4 /* Pods_BaeWeather.framework in Frameworks */ = {isa = PBXBuildFile; fileRef = C9ECCD6CA9E8E559969D4382 /* Pods_BaeWeather.framework */; };
		6030FC7023FF0C79007F0901 /* AppDelegate.swift in Sources */ = {isa = PBXBuildFile; fileRef = 6030FC6F23FF0C79007F0901 /* AppDelegate.swift */; };
		6030FC7223FF0C79007F0901 /* SceneDelegate.swift in Sources */ = {isa = PBXBuildFile; fileRef = 6030FC7123FF0C79007F0901 /* SceneDelegate.swift */; };
		6030FC7423FF0C79007F0901 /* WeatherViewController.swift in Sources */ = {isa = PBXBuildFile; fileRef = 6030FC7323FF0C79007F0901 /* WeatherViewController.swift */; };
		6030FC7723FF0C79007F0901 /* Main.storyboard in Resources */ = {isa = PBXBuildFile; fileRef = 6030FC7523FF0C79007F0901 /* Main.storyboard */; };
		6030FC7923FF0C7A007F0901 /* Assets.xcassets in Resources */ = {isa = PBXBuildFile; fileRef = 6030FC7823FF0C7A007F0901 /* Assets.xcassets */; };
		6030FC7C23FF0C7A007F0901 /* LaunchScreen.storyboard in Resources */ = {isa = PBXBuildFile; fileRef = 6030FC7A23FF0C7A007F0901 /* LaunchScreen.storyboard */; };
		6030FC8723FF0C7A007F0901 /* OnrampProjectTests.swift in Sources */ = {isa = PBXBuildFile; fileRef = 6030FC8623FF0C7A007F0901 /* OnrampProjectTests.swift */; };
		6030FC9223FF0C7A007F0901 /* OnrampProjectUITests.swift in Sources */ = {isa = PBXBuildFile; fileRef = 6030FC9123FF0C7A007F0901 /* OnrampProjectUITests.swift */; };
		AB418AA02415BD9E003852B3 /* HourlyWeatherViewController.swift in Sources */ = {isa = PBXBuildFile; fileRef = AB418A9F2415BD9E003852B3 /* HourlyWeatherViewController.swift */; };
		AB418AA2241746DE003852B3 /* RequestViewController.swift in Sources */ = {isa = PBXBuildFile; fileRef = AB418AA1241746DE003852B3 /* RequestViewController.swift */; };
		ABF9B41B241871AA0096F563 /* LocationService.swift in Sources */ = {isa = PBXBuildFile; fileRef = ABF9B41A241871A90096F563 /* LocationService.swift */; };
		ABF9B41D2419B21F0096F563 /* LoadingViewController.swift in Sources */ = {isa = PBXBuildFile; fileRef = ABF9B41C2419B21F0096F563 /* LoadingViewController.swift */; };
		ABF9B41F241C43E00096F563 /* CurrentLocationViewController.swift in Sources */ = {isa = PBXBuildFile; fileRef = ABF9B41E241C43E00096F563 /* CurrentLocationViewController.swift */; };
		B953F34E4F4B6A268C0606A4 /* Pods_BaeWeather_BaeWeatherUITests.framework in Frameworks */ = {isa = PBXBuildFile; fileRef = AB4948D7726FFA2E61018777 /* Pods_BaeWeather_BaeWeatherUITests.framework */; };
		C9E0B4B5725B3B4553ADC84B /* Pods_BaeWeatherTests.framework in Frameworks */ = {isa = PBXBuildFile; fileRef = 67DB363C0B9E6A706A53DC71 /* Pods_BaeWeatherTests.framework */; };
		EB0664402433E59400259F40 /* FileService.swift in Sources */ = {isa = PBXBuildFile; fileRef = EB06643F2433E59300259F40 /* FileService.swift */; };
		EB2D0251240F076C005C2241 /* ModelImageCell.swift in Sources */ = {isa = PBXBuildFile; fileRef = EB2D0250240F076C005C2241 /* ModelImageCell.swift */; };
		EB2D0257240F0AAE005C2241 /* ModelImageView.swift in Sources */ = {isa = PBXBuildFile; fileRef = EB2D0256240F0AAE005C2241 /* ModelImageView.swift */; };
		EB2D0259240F0AC3005C2241 /* ModelImageView.xib in Resources */ = {isa = PBXBuildFile; fileRef = EB2D0258240F0AC3005C2241 /* ModelImageView.xib */; };
		EB3B341A24104D4D0037807F /* ModelImageViewModel.swift in Sources */ = {isa = PBXBuildFile; fileRef = EB3B341924104D4D0037807F /* ModelImageViewModel.swift */; };
		EB3B341C241056340037807F /* Constants.swift in Sources */ = {isa = PBXBuildFile; fileRef = EB3B341B241056340037807F /* Constants.swift */; };
		EB751CEB2425CFD000B1AA81 /* CardView.swift in Sources */ = {isa = PBXBuildFile; fileRef = EB751CEA2425CFD000B1AA81 /* CardView.swift */; };
		EB751CEF242EC71900B1AA81 /* Default-568h@2x.png in Resources */ = {isa = PBXBuildFile; fileRef = EB751CEE242EC71900B1AA81 /* Default-568h@2x.png */; };
		EB950EA2240B6BDE00096825 /* WeatherViewModel.swift in Sources */ = {isa = PBXBuildFile; fileRef = EB950EA1240B6BDE00096825 /* WeatherViewModel.swift */; };
		EB950EA4240B6F4F00096825 /* WeatherModelImage.swift in Sources */ = {isa = PBXBuildFile; fileRef = EB950EA3240B6F4F00096825 /* WeatherModelImage.swift */; };
		EB950EA7240B7ADD00096825 /* Weather.swift in Sources */ = {isa = PBXBuildFile; fileRef = EB950EA6240B7ADD00096825 /* Weather.swift */; };
		EBA5EB17241097E5003143B1 /* ModelImageDetailsViewController.swift in Sources */ = {isa = PBXBuildFile; fileRef = EBA5EB16241097E5003143B1 /* ModelImageDetailsViewController.swift */; };
		EBD469CF2411B717004E80DC /* Settings.swift in Sources */ = {isa = PBXBuildFile; fileRef = EBD469CE2411B717004E80DC /* Settings.swift */; };
		EBD469D324121CC2004E80DC /* UserDefaultsService.swift in Sources */ = {isa = PBXBuildFile; fileRef = EBD469D224121CC2004E80DC /* UserDefaultsService.swift */; };
		EBE9EF75240D0FEA002817C7 /* SettingsViewController.swift in Sources */ = {isa = PBXBuildFile; fileRef = EBE9EF74240D0FEA002817C7 /* SettingsViewController.swift */; };
		EBF176DC240B9D3E005AB1F8 /* HourlyWeatherBlockViewModel.swift in Sources */ = {isa = PBXBuildFile; fileRef = EBF176DB240B9D3E005AB1F8 /* HourlyWeatherBlockViewModel.swift */; };
		EBF176E0240CA19F005AB1F8 /* WeatherNetworkService.swift in Sources */ = {isa = PBXBuildFile; fileRef = EBF176DF240CA19F005AB1F8 /* WeatherNetworkService.swift */; };
		EBFC751224122D2F00FE3E5C /* WeatherCategoryView.xib in Resources */ = {isa = PBXBuildFile; fileRef = EBFC751124122D2F00FE3E5C /* WeatherCategoryView.xib */; };
		EBFC751424122D4500FE3E5C /* WeatherCategoryView.swift in Sources */ = {isa = PBXBuildFile; fileRef = EBFC751324122D4500FE3E5C /* WeatherCategoryView.swift */; };
/* End PBXBuildFile section */

/* Begin PBXContainerItemProxy section */
		6030FC8323FF0C7A007F0901 /* PBXContainerItemProxy */ = {
			isa = PBXContainerItemProxy;
			containerPortal = 6030FC6423FF0C79007F0901 /* Project object */;
			proxyType = 1;
			remoteGlobalIDString = 6030FC6B23FF0C79007F0901;
			remoteInfo = OnrampProject;
		};
		6030FC8E23FF0C7A007F0901 /* PBXContainerItemProxy */ = {
			isa = PBXContainerItemProxy;
			containerPortal = 6030FC6423FF0C79007F0901 /* Project object */;
			proxyType = 1;
			remoteGlobalIDString = 6030FC6B23FF0C79007F0901;
			remoteInfo = OnrampProject;
		};
/* End PBXContainerItemProxy section */

/* Begin PBXFileReference section */
		014A77036793F46B089CE2E5 /* Pods-BaeWeather-BaeWeatherUITests.debug.xcconfig */ = {isa = PBXFileReference; includeInIndex = 1; lastKnownFileType = text.xcconfig; name = "Pods-BaeWeather-BaeWeatherUITests.debug.xcconfig"; path = "Target Support Files/Pods-BaeWeather-BaeWeatherUITests/Pods-BaeWeather-BaeWeatherUITests.debug.xcconfig"; sourceTree = "<group>"; };
		50CD64A9361322AC9DBC420B /* Pods-BaeWeatherTests.release.xcconfig */ = {isa = PBXFileReference; includeInIndex = 1; lastKnownFileType = text.xcconfig; name = "Pods-BaeWeatherTests.release.xcconfig"; path = "Target Support Files/Pods-BaeWeatherTests/Pods-BaeWeatherTests.release.xcconfig"; sourceTree = "<group>"; };
		53451B79E50A13E920BA84B6 /* Pods-BaeWeather-BaeWeatherUITests.release.xcconfig */ = {isa = PBXFileReference; includeInIndex = 1; lastKnownFileType = text.xcconfig; name = "Pods-BaeWeather-BaeWeatherUITests.release.xcconfig"; path = "Target Support Files/Pods-BaeWeather-BaeWeatherUITests/Pods-BaeWeather-BaeWeatherUITests.release.xcconfig"; sourceTree = "<group>"; };
		6030FC6F23FF0C79007F0901 /* AppDelegate.swift */ = {isa = PBXFileReference; lastKnownFileType = sourcecode.swift; path = AppDelegate.swift; sourceTree = "<group>"; };
		6030FC7123FF0C79007F0901 /* SceneDelegate.swift */ = {isa = PBXFileReference; lastKnownFileType = sourcecode.swift; path = SceneDelegate.swift; sourceTree = "<group>"; };
		6030FC7323FF0C79007F0901 /* WeatherViewController.swift */ = {isa = PBXFileReference; indentWidth = 4; lastKnownFileType = sourcecode.swift; path = WeatherViewController.swift; sourceTree = "<group>"; };
		6030FC7623FF0C79007F0901 /* Base */ = {isa = PBXFileReference; lastKnownFileType = file.storyboard; name = Base; path = Base.lproj/Main.storyboard; sourceTree = "<group>"; };
		6030FC7823FF0C7A007F0901 /* Assets.xcassets */ = {isa = PBXFileReference; lastKnownFileType = folder.assetcatalog; path = Assets.xcassets; sourceTree = "<group>"; };
		6030FC7B23FF0C7A007F0901 /* Base */ = {isa = PBXFileReference; lastKnownFileType = file.storyboard; name = Base; path = Base.lproj/LaunchScreen.storyboard; sourceTree = "<group>"; };
		6030FC7D23FF0C7A007F0901 /* Info.plist */ = {isa = PBXFileReference; lastKnownFileType = text.plist.xml; path = Info.plist; sourceTree = "<group>"; };
		6030FC8623FF0C7A007F0901 /* OnrampProjectTests.swift */ = {isa = PBXFileReference; lastKnownFileType = sourcecode.swift; path = OnrampProjectTests.swift; sourceTree = "<group>"; };
		6030FC8823FF0C7A007F0901 /* Info.plist */ = {isa = PBXFileReference; lastKnownFileType = text.plist.xml; path = Info.plist; sourceTree = "<group>"; };
		6030FC9123FF0C7A007F0901 /* OnrampProjectUITests.swift */ = {isa = PBXFileReference; lastKnownFileType = sourcecode.swift; path = OnrampProjectUITests.swift; sourceTree = "<group>"; };
		6030FC9323FF0C7A007F0901 /* Info.plist */ = {isa = PBXFileReference; lastKnownFileType = text.plist.xml; path = Info.plist; sourceTree = "<group>"; };
		67DB363C0B9E6A706A53DC71 /* Pods_BaeWeatherTests.framework */ = {isa = PBXFileReference; explicitFileType = wrapper.framework; includeInIndex = 0; path = Pods_BaeWeatherTests.framework; sourceTree = BUILT_PRODUCTS_DIR; };
		6DC7BF3F3024D731594227DF /* Pods-BaeWeatherTests.debug.xcconfig */ = {isa = PBXFileReference; includeInIndex = 1; lastKnownFileType = text.xcconfig; name = "Pods-BaeWeatherTests.debug.xcconfig"; path = "Target Support Files/Pods-BaeWeatherTests/Pods-BaeWeatherTests.debug.xcconfig"; sourceTree = "<group>"; };
		6E88AE940E49AEE7D019B859 /* Pods-BaeWeather.debug.xcconfig */ = {isa = PBXFileReference; includeInIndex = 1; lastKnownFileType = text.xcconfig; name = "Pods-BaeWeather.debug.xcconfig"; path = "Target Support Files/Pods-BaeWeather/Pods-BaeWeather.debug.xcconfig"; sourceTree = "<group>"; };
		AB418A9F2415BD9E003852B3 /* HourlyWeatherViewController.swift */ = {isa = PBXFileReference; lastKnownFileType = sourcecode.swift; path = HourlyWeatherViewController.swift; sourceTree = "<group>"; };
		AB418AA1241746DE003852B3 /* RequestViewController.swift */ = {isa = PBXFileReference; indentWidth = 4; lastKnownFileType = sourcecode.swift; path = RequestViewController.swift; sourceTree = "<group>"; };
		AB4948D7726FFA2E61018777 /* Pods_BaeWeather_BaeWeatherUITests.framework */ = {isa = PBXFileReference; explicitFileType = wrapper.framework; includeInIndex = 0; path = Pods_BaeWeather_BaeWeatherUITests.framework; sourceTree = BUILT_PRODUCTS_DIR; };
		ABDDD8FD241F5902001C84A0 /* BaeWeather.app */ = {isa = PBXFileReference; explicitFileType = wrapper.application; includeInIndex = 0; path = BaeWeather.app; sourceTree = BUILT_PRODUCTS_DIR; };
		ABDDD8FE241F5902001C84A0 /* BaeWeatherTests.xctest */ = {isa = PBXFileReference; explicitFileType = wrapper.cfbundle; includeInIndex = 0; path = BaeWeatherTests.xctest; sourceTree = BUILT_PRODUCTS_DIR; };
		ABDDD8FF241F5902001C84A0 /* BaeWeatherUITests.xctest */ = {isa = PBXFileReference; explicitFileType = wrapper.cfbundle; includeInIndex = 0; path = BaeWeatherUITests.xctest; sourceTree = BUILT_PRODUCTS_DIR; };
		ABF9B41A241871A90096F563 /* LocationService.swift */ = {isa = PBXFileReference; lastKnownFileType = sourcecode.swift; path = LocationService.swift; sourceTree = "<group>"; };
		ABF9B41C2419B21F0096F563 /* LoadingViewController.swift */ = {isa = PBXFileReference; indentWidth = 4; lastKnownFileType = sourcecode.swift; path = LoadingViewController.swift; sourceTree = "<group>"; tabWidth = 4; };
		ABF9B41E241C43E00096F563 /* CurrentLocationViewController.swift */ = {isa = PBXFileReference; indentWidth = 4; lastKnownFileType = sourcecode.swift; path = CurrentLocationViewController.swift; sourceTree = "<group>"; };
		C9ECCD6CA9E8E559969D4382 /* Pods_BaeWeather.framework */ = {isa = PBXFileReference; explicitFileType = wrapper.framework; includeInIndex = 0; path = Pods_BaeWeather.framework; sourceTree = BUILT_PRODUCTS_DIR; };
		EB06643F2433E59300259F40 /* FileService.swift */ = {isa = PBXFileReference; lastKnownFileType = sourcecode.swift; path = FileService.swift; sourceTree = "<group>"; };
		EB1DA14B3D81FB5E4045D0CC /* Pods-BaeWeather.release.xcconfig */ = {isa = PBXFileReference; includeInIndex = 1; lastKnownFileType = text.xcconfig; name = "Pods-BaeWeather.release.xcconfig"; path = "Target Support Files/Pods-BaeWeather/Pods-BaeWeather.release.xcconfig"; sourceTree = "<group>"; };
		EB2D0250240F076C005C2241 /* ModelImageCell.swift */ = {isa = PBXFileReference; lastKnownFileType = sourcecode.swift; path = ModelImageCell.swift; sourceTree = "<group>"; };
		EB2D0256240F0AAE005C2241 /* ModelImageView.swift */ = {isa = PBXFileReference; lastKnownFileType = sourcecode.swift; path = ModelImageView.swift; sourceTree = "<group>"; };
		EB2D0258240F0AC3005C2241 /* ModelImageView.xib */ = {isa = PBXFileReference; lastKnownFileType = file.xib; path = ModelImageView.xib; sourceTree = "<group>"; };
		EB3B341924104D4D0037807F /* ModelImageViewModel.swift */ = {isa = PBXFileReference; lastKnownFileType = sourcecode.swift; path = ModelImageViewModel.swift; sourceTree = "<group>"; };
		EB3B341B241056340037807F /* Constants.swift */ = {isa = PBXFileReference; lastKnownFileType = sourcecode.swift; path = Constants.swift; sourceTree = "<group>"; };
		EB751CEA2425CFD000B1AA81 /* CardView.swift */ = {isa = PBXFileReference; fileEncoding = 4; lastKnownFileType = sourcecode.swift; path = CardView.swift; sourceTree = "<group>"; };
		EB751CEE242EC71900B1AA81 /* Default-568h@2x.png */ = {isa = PBXFileReference; lastKnownFileType = image.png; path = "Default-568h@2x.png"; sourceTree = "<group>"; };
		EB950EA1240B6BDE00096825 /* WeatherViewModel.swift */ = {isa = PBXFileReference; indentWidth = 4; lastKnownFileType = sourcecode.swift; path = WeatherViewModel.swift; sourceTree = "<group>"; };
		EB950EA3240B6F4F00096825 /* WeatherModelImage.swift */ = {isa = PBXFileReference; lastKnownFileType = sourcecode.swift; path = WeatherModelImage.swift; sourceTree = "<group>"; };
		EB950EA6240B7ADD00096825 /* Weather.swift */ = {isa = PBXFileReference; indentWidth = 4; lastKnownFileType = sourcecode.swift; path = Weather.swift; sourceTree = "<group>"; tabWidth = 2; };
		EBA5EB16241097E5003143B1 /* ModelImageDetailsViewController.swift */ = {isa = PBXFileReference; lastKnownFileType = sourcecode.swift; path = ModelImageDetailsViewController.swift; sourceTree = "<group>"; };
		EBD469CE2411B717004E80DC /* Settings.swift */ = {isa = PBXFileReference; lastKnownFileType = sourcecode.swift; path = Settings.swift; sourceTree = "<group>"; };
		EBD469D224121CC2004E80DC /* UserDefaultsService.swift */ = {isa = PBXFileReference; lastKnownFileType = sourcecode.swift; path = UserDefaultsService.swift; sourceTree = "<group>"; };
		EBE9EF74240D0FEA002817C7 /* SettingsViewController.swift */ = {isa = PBXFileReference; lastKnownFileType = sourcecode.swift; path = SettingsViewController.swift; sourceTree = "<group>"; };
		EBF176DB240B9D3E005AB1F8 /* HourlyWeatherBlockViewModel.swift */ = {isa = PBXFileReference; lastKnownFileType = sourcecode.swift; path = HourlyWeatherBlockViewModel.swift; sourceTree = "<group>"; };
		EBF176DF240CA19F005AB1F8 /* WeatherNetworkService.swift */ = {isa = PBXFileReference; lastKnownFileType = sourcecode.swift; path = WeatherNetworkService.swift; sourceTree = "<group>"; };
		EBFC751124122D2F00FE3E5C /* WeatherCategoryView.xib */ = {isa = PBXFileReference; lastKnownFileType = file.xib; path = WeatherCategoryView.xib; sourceTree = "<group>"; };
		EBFC751324122D4500FE3E5C /* WeatherCategoryView.swift */ = {isa = PBXFileReference; lastKnownFileType = sourcecode.swift; path = WeatherCategoryView.swift; sourceTree = "<group>"; };
/* End PBXFileReference section */

/* Begin PBXFrameworksBuildPhase section */
		6030FC6923FF0C79007F0901 /* Frameworks */ = {
			isa = PBXFrameworksBuildPhase;
			buildActionMask = 2147483647;
			files = (
				2E78F1F01F0D90E5290D80C4 /* Pods_BaeWeather.framework in Frameworks */,
			);
			runOnlyForDeploymentPostprocessing = 0;
		};
		6030FC7F23FF0C7A007F0901 /* Frameworks */ = {
			isa = PBXFrameworksBuildPhase;
			buildActionMask = 2147483647;
			files = (
				C9E0B4B5725B3B4553ADC84B /* Pods_BaeWeatherTests.framework in Frameworks */,
			);
			runOnlyForDeploymentPostprocessing = 0;
		};
		6030FC8A23FF0C7A007F0901 /* Frameworks */ = {
			isa = PBXFrameworksBuildPhase;
			buildActionMask = 2147483647;
			files = (
				B953F34E4F4B6A268C0606A4 /* Pods_BaeWeather_BaeWeatherUITests.framework in Frameworks */,
			);
			runOnlyForDeploymentPostprocessing = 0;
		};
/* End PBXFrameworksBuildPhase section */

/* Begin PBXGroup section */
		0B35258F2B2F5E43BD6F8903 /* Pods */ = {
			isa = PBXGroup;
			children = (
				6E88AE940E49AEE7D019B859 /* Pods-BaeWeather.debug.xcconfig */,
				EB1DA14B3D81FB5E4045D0CC /* Pods-BaeWeather.release.xcconfig */,
				014A77036793F46B089CE2E5 /* Pods-BaeWeather-BaeWeatherUITests.debug.xcconfig */,
				53451B79E50A13E920BA84B6 /* Pods-BaeWeather-BaeWeatherUITests.release.xcconfig */,
				6DC7BF3F3024D731594227DF /* Pods-BaeWeatherTests.debug.xcconfig */,
				50CD64A9361322AC9DBC420B /* Pods-BaeWeatherTests.release.xcconfig */,
			);
			path = Pods;
			sourceTree = "<group>";
		};
		3FA0E01E7CAE20D0671B50F3 /* Frameworks */ = {
			isa = PBXGroup;
			children = (
				C9ECCD6CA9E8E559969D4382 /* Pods_BaeWeather.framework */,
				AB4948D7726FFA2E61018777 /* Pods_BaeWeather_BaeWeatherUITests.framework */,
				67DB363C0B9E6A706A53DC71 /* Pods_BaeWeatherTests.framework */,
			);
			name = Frameworks;
			sourceTree = "<group>";
		};
		6030FC6323FF0C79007F0901 = {
			isa = PBXGroup;
			children = (
				EB751CEE242EC71900B1AA81 /* Default-568h@2x.png */,
				6030FC6E23FF0C79007F0901 /* BaeWeather */,
				6030FC8523FF0C7A007F0901 /* BaeWeatherTests */,
				6030FC9023FF0C7A007F0901 /* BaeWeatherUITests */,
				3FA0E01E7CAE20D0671B50F3 /* Frameworks */,
				ABDDD8FD241F5902001C84A0 /* BaeWeather.app */,
				ABDDD8FE241F5902001C84A0 /* BaeWeatherTests.xctest */,
				ABDDD8FF241F5902001C84A0 /* BaeWeatherUITests.xctest */,
				0B35258F2B2F5E43BD6F8903 /* Pods */,
			);
			sourceTree = "<group>";
		};
		6030FC6E23FF0C79007F0901 /* BaeWeather */ = {
			isa = PBXGroup;
			children = (
				EBF176DD240CA149005AB1F8 /* Services */,
				EB950EA5240B7A1400096825 /* ViewModels */,
				EB950EA0240B6B1D00096825 /* Models */,
				EB605B0D240B49B4001DFE40 /* Controllers */,
				EB605B0C240B499C001DFE40 /* Views */,
				6030FC6F23FF0C79007F0901 /* AppDelegate.swift */,
				6030FC7123FF0C79007F0901 /* SceneDelegate.swift */,
				6030FC7823FF0C7A007F0901 /* Assets.xcassets */,
				6030FC7D23FF0C7A007F0901 /* Info.plist */,
				EB3B341B241056340037807F /* Constants.swift */,
			);
			path = BaeWeather;
			sourceTree = "<group>";
		};
		6030FC8523FF0C7A007F0901 /* BaeWeatherTests */ = {
			isa = PBXGroup;
			children = (
				6030FC8623FF0C7A007F0901 /* OnrampProjectTests.swift */,
				6030FC8823FF0C7A007F0901 /* Info.plist */,
			);
			path = BaeWeatherTests;
			sourceTree = "<group>";
		};
		6030FC9023FF0C7A007F0901 /* BaeWeatherUITests */ = {
			isa = PBXGroup;
			children = (
				6030FC9123FF0C7A007F0901 /* OnrampProjectUITests.swift */,
				6030FC9323FF0C7A007F0901 /* Info.plist */,
			);
			path = BaeWeatherUITests;
			sourceTree = "<group>";
		};
		ABF9B420241F410C0096F563 /* Storage */ = {
			isa = PBXGroup;
			children = (
				EBD469D224121CC2004E80DC /* UserDefaultsService.swift */,
				EB06643F2433E59300259F40 /* FileService.swift */,
			);
			path = Storage;
			sourceTree = "<group>";
		};
		ABF9B421241F41250096F563 /* Location */ = {
			isa = PBXGroup;
			children = (
				ABF9B41A241871A90096F563 /* LocationService.swift */,
			);
			path = Location;
			sourceTree = "<group>";
		};
		EB605B0C240B499C001DFE40 /* Views */ = {
			isa = PBXGroup;
			children = (
				6030FC7523FF0C79007F0901 /* Main.storyboard */,
				EB751CEA2425CFD000B1AA81 /* CardView.swift */,
				6030FC7A23FF0C7A007F0901 /* LaunchScreen.storyboard */,
				EB2D0250240F076C005C2241 /* ModelImageCell.swift */,
				EB2D0256240F0AAE005C2241 /* ModelImageView.swift */,
				EB2D0258240F0AC3005C2241 /* ModelImageView.xib */,
				EBFC751124122D2F00FE3E5C /* WeatherCategoryView.xib */,
				EBFC751324122D4500FE3E5C /* WeatherCategoryView.swift */,
			);
			path = Views;
			sourceTree = "<group>";
		};
		EB605B0D240B49B4001DFE40 /* Controllers */ = {
			isa = PBXGroup;
			children = (
				6030FC7323FF0C79007F0901 /* WeatherViewController.swift */,
				EBE9EF74240D0FEA002817C7 /* SettingsViewController.swift */,
				EBA5EB16241097E5003143B1 /* ModelImageDetailsViewController.swift */,
				AB418A9F2415BD9E003852B3 /* HourlyWeatherViewController.swift */,
				AB418AA1241746DE003852B3 /* RequestViewController.swift */,
				ABF9B41C2419B21F0096F563 /* LoadingViewController.swift */,
				ABF9B41E241C43E00096F563 /* CurrentLocationViewController.swift */,
			);
			path = Controllers;
			sourceTree = "<group>";
		};
		EB950EA0240B6B1D00096825 /* Models */ = {
			isa = PBXGroup;
			children = (
				EB950EA3240B6F4F00096825 /* WeatherModelImage.swift */,
				EB950EA6240B7ADD00096825 /* Weather.swift */,
				EBD469CE2411B717004E80DC /* Settings.swift */,
			);
			path = Models;
			sourceTree = "<group>";
		};
		EB950EA5240B7A1400096825 /* ViewModels */ = {
			isa = PBXGroup;
			children = (
				EB950EA1240B6BDE00096825 /* WeatherViewModel.swift */,
				EBF176DB240B9D3E005AB1F8 /* HourlyWeatherBlockViewModel.swift */,
				EB3B341924104D4D0037807F /* ModelImageViewModel.swift */,
			);
			path = ViewModels;
			sourceTree = "<group>";
		};
		EBF176DD240CA149005AB1F8 /* Services */ = {
			isa = PBXGroup;
			children = (
				ABF9B421241F41250096F563 /* Location */,
				ABF9B420241F410C0096F563 /* Storage */,
				EBF176DE240CA169005AB1F8 /* Api */,
			);
			path = Services;
			sourceTree = "<group>";
		};
		EBF176DE240CA169005AB1F8 /* Api */ = {
			isa = PBXGroup;
			children = (
				EBF176DF240CA19F005AB1F8 /* WeatherNetworkService.swift */,
			);
			path = Api;
			sourceTree = "<group>";
		};
/* End PBXGroup section */

/* Begin PBXNativeTarget section */
		6030FC6B23FF0C79007F0901 /* BaeWeather */ = {
			isa = PBXNativeTarget;
			buildConfigurationList = 6030FC9623FF0C7A007F0901 /* Build configuration list for PBXNativeTarget "BaeWeather" */;
			buildPhases = (
				10BD0691C936897E8AA5A29D /* [CP] Check Pods Manifest.lock */,
				6030FC6823FF0C79007F0901 /* Sources */,
				6030FC6923FF0C79007F0901 /* Frameworks */,
				6030FC6A23FF0C79007F0901 /* Resources */,
				7315C085A3CA912ACA7ED87E /* [CP] Embed Pods Frameworks */,
			);
			buildRules = (
			);
			dependencies = (
			);
			name = BaeWeather;
			productName = OnrampProject;
			productReference = ABDDD8FD241F5902001C84A0 /* BaeWeather.app */;
			productType = "com.apple.product-type.application";
		};
		6030FC8123FF0C7A007F0901 /* BaeWeatherTests */ = {
			isa = PBXNativeTarget;
			buildConfigurationList = 6030FC9923FF0C7A007F0901 /* Build configuration list for PBXNativeTarget "BaeWeatherTests" */;
			buildPhases = (
				8DC39B4B6D11078A9F0C2046 /* [CP] Check Pods Manifest.lock */,
				6030FC7E23FF0C7A007F0901 /* Sources */,
				6030FC7F23FF0C7A007F0901 /* Frameworks */,
				6030FC8023FF0C7A007F0901 /* Resources */,
			);
			buildRules = (
			);
			dependencies = (
				6030FC8423FF0C7A007F0901 /* PBXTargetDependency */,
			);
			name = BaeWeatherTests;
			productName = OnrampProjectTests;
			productReference = ABDDD8FE241F5902001C84A0 /* BaeWeatherTests.xctest */;
			productType = "com.apple.product-type.bundle.unit-test";
		};
		6030FC8C23FF0C7A007F0901 /* BaeWeatherUITests */ = {
			isa = PBXNativeTarget;
			buildConfigurationList = 6030FC9C23FF0C7A007F0901 /* Build configuration list for PBXNativeTarget "BaeWeatherUITests" */;
			buildPhases = (
				7D7A6B536FEFD5E6D0894EAC /* [CP] Check Pods Manifest.lock */,
				6030FC8923FF0C7A007F0901 /* Sources */,
				6030FC8A23FF0C7A007F0901 /* Frameworks */,
				6030FC8B23FF0C7A007F0901 /* Resources */,
				4EE476927237F1C4B3DBB382 /* [CP] Embed Pods Frameworks */,
			);
			buildRules = (
			);
			dependencies = (
				6030FC8F23FF0C7A007F0901 /* PBXTargetDependency */,
			);
			name = BaeWeatherUITests;
			productName = OnrampProjectUITests;
			productReference = ABDDD8FF241F5902001C84A0 /* BaeWeatherUITests.xctest */;
			productType = "com.apple.product-type.bundle.ui-testing";
		};
/* End PBXNativeTarget section */

/* Begin PBXProject section */
		6030FC6423FF0C79007F0901 /* Project object */ = {
			isa = PBXProject;
			attributes = {
				LastSwiftUpdateCheck = 1130;
				LastUpgradeCheck = 1130;
				TargetAttributes = {
					6030FC6B23FF0C79007F0901 = {
						CreatedOnToolsVersion = 11.3.1;
					};
					6030FC8123FF0C7A007F0901 = {
						CreatedOnToolsVersion = 11.3.1;
						TestTargetID = 6030FC6B23FF0C79007F0901;
					};
					6030FC8C23FF0C7A007F0901 = {
						CreatedOnToolsVersion = 11.3.1;
						TestTargetID = 6030FC6B23FF0C79007F0901;
					};
				};
			};
			buildConfigurationList = 6030FC6723FF0C79007F0901 /* Build configuration list for PBXProject "BaeWeather" */;
			compatibilityVersion = "Xcode 9.3";
			developmentRegion = en;
			hasScannedForEncodings = 0;
			knownRegions = (
				en,
				Base,
			);
			mainGroup = 6030FC6323FF0C79007F0901;
			productRefGroup = 6030FC6323FF0C79007F0901;
			projectDirPath = "";
			projectRoot = "";
			targets = (
				6030FC6B23FF0C79007F0901 /* BaeWeather */,
				6030FC8123FF0C7A007F0901 /* BaeWeatherTests */,
				6030FC8C23FF0C7A007F0901 /* BaeWeatherUITests */,
			);
		};
/* End PBXProject section */

/* Begin PBXResourcesBuildPhase section */
		6030FC6A23FF0C79007F0901 /* Resources */ = {
			isa = PBXResourcesBuildPhase;
			buildActionMask = 2147483647;
			files = (
				EBFC751224122D2F00FE3E5C /* WeatherCategoryView.xib in Resources */,
				6030FC7C23FF0C7A007F0901 /* LaunchScreen.storyboard in Resources */,
				EB2D0259240F0AC3005C2241 /* ModelImageView.xib in Resources */,
				6030FC7923FF0C7A007F0901 /* Assets.xcassets in Resources */,
				6030FC7723FF0C79007F0901 /* Main.storyboard in Resources */,
				EB751CEF242EC71900B1AA81 /* Default-568h@2x.png in Resources */,
			);
			runOnlyForDeploymentPostprocessing = 0;
		};
		6030FC8023FF0C7A007F0901 /* Resources */ = {
			isa = PBXResourcesBuildPhase;
			buildActionMask = 2147483647;
			files = (
			);
			runOnlyForDeploymentPostprocessing = 0;
		};
		6030FC8B23FF0C7A007F0901 /* Resources */ = {
			isa = PBXResourcesBuildPhase;
			buildActionMask = 2147483647;
			files = (
			);
			runOnlyForDeploymentPostprocessing = 0;
		};
/* End PBXResourcesBuildPhase section */

/* Begin PBXShellScriptBuildPhase section */
		10BD0691C936897E8AA5A29D /* [CP] Check Pods Manifest.lock */ = {
			isa = PBXShellScriptBuildPhase;
			buildActionMask = 2147483647;
			files = (
			);
			inputFileListPaths = (
			);
			inputPaths = (
				"${PODS_PODFILE_DIR_PATH}/Podfile.lock",
				"${PODS_ROOT}/Manifest.lock",
			);
			name = "[CP] Check Pods Manifest.lock";
			outputFileListPaths = (
			);
			outputPaths = (
				"$(DERIVED_FILE_DIR)/Pods-BaeWeather-checkManifestLockResult.txt",
			);
			runOnlyForDeploymentPostprocessing = 0;
			shellPath = /bin/sh;
			shellScript = "diff \"${PODS_PODFILE_DIR_PATH}/Podfile.lock\" \"${PODS_ROOT}/Manifest.lock\" > /dev/null\nif [ $? != 0 ] ; then\n    # print error to STDERR\n    echo \"error: The sandbox is not in sync with the Podfile.lock. Run 'pod install' or update your CocoaPods installation.\" >&2\n    exit 1\nfi\n# This output is used by Xcode 'outputs' to avoid re-running this script phase.\necho \"SUCCESS\" > \"${SCRIPT_OUTPUT_FILE_0}\"\n";
			showEnvVarsInLog = 0;
		};
		4EE476927237F1C4B3DBB382 /* [CP] Embed Pods Frameworks */ = {
			isa = PBXShellScriptBuildPhase;
			buildActionMask = 2147483647;
			files = (
			);
			inputFileListPaths = (
				"${PODS_ROOT}/Target Support Files/Pods-BaeWeather-BaeWeatherUITests/Pods-BaeWeather-BaeWeatherUITests-frameworks-${CONFIGURATION}-input-files.xcfilelist",
			);
			name = "[CP] Embed Pods Frameworks";
			outputFileListPaths = (
				"${PODS_ROOT}/Target Support Files/Pods-BaeWeather-BaeWeatherUITests/Pods-BaeWeather-BaeWeatherUITests-frameworks-${CONFIGURATION}-output-files.xcfilelist",
			);
			runOnlyForDeploymentPostprocessing = 0;
			shellPath = /bin/sh;
			shellScript = "\"${PODS_ROOT}/Target Support Files/Pods-BaeWeather-BaeWeatherUITests/Pods-BaeWeather-BaeWeatherUITests-frameworks.sh\"\n";
			showEnvVarsInLog = 0;
		};
		7315C085A3CA912ACA7ED87E /* [CP] Embed Pods Frameworks */ = {
			isa = PBXShellScriptBuildPhase;
			buildActionMask = 2147483647;
			files = (
			);
			inputFileListPaths = (
				"${PODS_ROOT}/Target Support Files/Pods-BaeWeather/Pods-BaeWeather-frameworks-${CONFIGURATION}-input-files.xcfilelist",
			);
			name = "[CP] Embed Pods Frameworks";
			outputFileListPaths = (
				"${PODS_ROOT}/Target Support Files/Pods-BaeWeather/Pods-BaeWeather-frameworks-${CONFIGURATION}-output-files.xcfilelist",
			);
			runOnlyForDeploymentPostprocessing = 0;
			shellPath = /bin/sh;
			shellScript = "\"${PODS_ROOT}/Target Support Files/Pods-BaeWeather/Pods-BaeWeather-frameworks.sh\"\n";
			showEnvVarsInLog = 0;
		};
		7D7A6B536FEFD5E6D0894EAC /* [CP] Check Pods Manifest.lock */ = {
			isa = PBXShellScriptBuildPhase;
			buildActionMask = 2147483647;
			files = (
			);
			inputFileListPaths = (
			);
			inputPaths = (
				"${PODS_PODFILE_DIR_PATH}/Podfile.lock",
				"${PODS_ROOT}/Manifest.lock",
			);
			name = "[CP] Check Pods Manifest.lock";
			outputFileListPaths = (
			);
			outputPaths = (
				"$(DERIVED_FILE_DIR)/Pods-BaeWeather-BaeWeatherUITests-checkManifestLockResult.txt",
			);
			runOnlyForDeploymentPostprocessing = 0;
			shellPath = /bin/sh;
			shellScript = "diff \"${PODS_PODFILE_DIR_PATH}/Podfile.lock\" \"${PODS_ROOT}/Manifest.lock\" > /dev/null\nif [ $? != 0 ] ; then\n    # print error to STDERR\n    echo \"error: The sandbox is not in sync with the Podfile.lock. Run 'pod install' or update your CocoaPods installation.\" >&2\n    exit 1\nfi\n# This output is used by Xcode 'outputs' to avoid re-running this script phase.\necho \"SUCCESS\" > \"${SCRIPT_OUTPUT_FILE_0}\"\n";
			showEnvVarsInLog = 0;
		};
		8DC39B4B6D11078A9F0C2046 /* [CP] Check Pods Manifest.lock */ = {
			isa = PBXShellScriptBuildPhase;
			buildActionMask = 2147483647;
			files = (
			);
			inputFileListPaths = (
			);
			inputPaths = (
				"${PODS_PODFILE_DIR_PATH}/Podfile.lock",
				"${PODS_ROOT}/Manifest.lock",
			);
			name = "[CP] Check Pods Manifest.lock";
			outputFileListPaths = (
			);
			outputPaths = (
				"$(DERIVED_FILE_DIR)/Pods-BaeWeatherTests-checkManifestLockResult.txt",
			);
			runOnlyForDeploymentPostprocessing = 0;
			shellPath = /bin/sh;
			shellScript = "diff \"${PODS_PODFILE_DIR_PATH}/Podfile.lock\" \"${PODS_ROOT}/Manifest.lock\" > /dev/null\nif [ $? != 0 ] ; then\n    # print error to STDERR\n    echo \"error: The sandbox is not in sync with the Podfile.lock. Run 'pod install' or update your CocoaPods installation.\" >&2\n    exit 1\nfi\n# This output is used by Xcode 'outputs' to avoid re-running this script phase.\necho \"SUCCESS\" > \"${SCRIPT_OUTPUT_FILE_0}\"\n";
			showEnvVarsInLog = 0;
		};
/* End PBXShellScriptBuildPhase section */

/* Begin PBXSourcesBuildPhase section */
		6030FC6823FF0C79007F0901 /* Sources */ = {
			isa = PBXSourcesBuildPhase;
			buildActionMask = 2147483647;
			files = (
				EBF176DC240B9D3E005AB1F8 /* HourlyWeatherBlockViewModel.swift in Sources */,
				EBF176E0240CA19F005AB1F8 /* WeatherNetworkService.swift in Sources */,
				AB418AA02415BD9E003852B3 /* HourlyWeatherViewController.swift in Sources */,
				ABF9B41F241C43E00096F563 /* CurrentLocationViewController.swift in Sources */,
				ABF9B41B241871AA0096F563 /* LocationService.swift in Sources */,
				EB0664402433E59400259F40 /* FileService.swift in Sources */,
				EB2D0257240F0AAE005C2241 /* ModelImageView.swift in Sources */,
				EB950EA2240B6BDE00096825 /* WeatherViewModel.swift in Sources */,
				6030FC7423FF0C79007F0901 /* WeatherViewController.swift in Sources */,
				EB950EA4240B6F4F00096825 /* WeatherModelImage.swift in Sources */,
				6030FC7023FF0C79007F0901 /* AppDelegate.swift in Sources */,
				AB418AA2241746DE003852B3 /* RequestViewController.swift in Sources */,
				EBFC751424122D4500FE3E5C /* WeatherCategoryView.swift in Sources */,
				EB2D0251240F076C005C2241 /* ModelImageCell.swift in Sources */,
				EB950EA7240B7ADD00096825 /* Weather.swift in Sources */,
				EBD469CF2411B717004E80DC /* Settings.swift in Sources */,
				ABF9B41D2419B21F0096F563 /* LoadingViewController.swift in Sources */,
				6030FC7223FF0C79007F0901 /* SceneDelegate.swift in Sources */,
				EBA5EB17241097E5003143B1 /* ModelImageDetailsViewController.swift in Sources */,
				EB751CEB2425CFD000B1AA81 /* CardView.swift in Sources */,
				EBD469D324121CC2004E80DC /* UserDefaultsService.swift in Sources */,
				EB3B341A24104D4D0037807F /* ModelImageViewModel.swift in Sources */,
				EBE9EF75240D0FEA002817C7 /* SettingsViewController.swift in Sources */,
				EB3B341C241056340037807F /* Constants.swift in Sources */,
			);
			runOnlyForDeploymentPostprocessing = 0;
		};
		6030FC7E23FF0C7A007F0901 /* Sources */ = {
			isa = PBXSourcesBuildPhase;
			buildActionMask = 2147483647;
			files = (
				6030FC8723FF0C7A007F0901 /* OnrampProjectTests.swift in Sources */,
			);
			runOnlyForDeploymentPostprocessing = 0;
		};
		6030FC8923FF0C7A007F0901 /* Sources */ = {
			isa = PBXSourcesBuildPhase;
			buildActionMask = 2147483647;
			files = (
				6030FC9223FF0C7A007F0901 /* OnrampProjectUITests.swift in Sources */,
			);
			runOnlyForDeploymentPostprocessing = 0;
		};
/* End PBXSourcesBuildPhase section */

/* Begin PBXTargetDependency section */
		6030FC8423FF0C7A007F0901 /* PBXTargetDependency */ = {
			isa = PBXTargetDependency;
			target = 6030FC6B23FF0C79007F0901 /* BaeWeather */;
			targetProxy = 6030FC8323FF0C7A007F0901 /* PBXContainerItemProxy */;
		};
		6030FC8F23FF0C7A007F0901 /* PBXTargetDependency */ = {
			isa = PBXTargetDependency;
			target = 6030FC6B23FF0C79007F0901 /* BaeWeather */;
			targetProxy = 6030FC8E23FF0C7A007F0901 /* PBXContainerItemProxy */;
		};
/* End PBXTargetDependency section */

/* Begin PBXVariantGroup section */
		6030FC7523FF0C79007F0901 /* Main.storyboard */ = {
			isa = PBXVariantGroup;
			children = (
				6030FC7623FF0C79007F0901 /* Base */,
			);
			name = Main.storyboard;
			sourceTree = "<group>";
		};
		6030FC7A23FF0C7A007F0901 /* LaunchScreen.storyboard */ = {
			isa = PBXVariantGroup;
			children = (
				6030FC7B23FF0C7A007F0901 /* Base */,
			);
			name = LaunchScreen.storyboard;
			sourceTree = "<group>";
		};
/* End PBXVariantGroup section */

/* Begin XCBuildConfiguration section */
		6030FC9423FF0C7A007F0901 /* Debug */ = {
			isa = XCBuildConfiguration;
			buildSettings = {
				ALWAYS_SEARCH_USER_PATHS = NO;
				CLANG_ANALYZER_NONNULL = YES;
				CLANG_ANALYZER_NUMBER_OBJECT_CONVERSION = YES_AGGRESSIVE;
				CLANG_CXX_LANGUAGE_STANDARD = "gnu++14";
				CLANG_CXX_LIBRARY = "libc++";
				CLANG_ENABLE_MODULES = YES;
				CLANG_ENABLE_OBJC_ARC = YES;
				CLANG_ENABLE_OBJC_WEAK = YES;
				CLANG_WARN_BLOCK_CAPTURE_AUTORELEASING = YES;
				CLANG_WARN_BOOL_CONVERSION = YES;
				CLANG_WARN_COMMA = YES;
				CLANG_WARN_CONSTANT_CONVERSION = YES;
				CLANG_WARN_DEPRECATED_OBJC_IMPLEMENTATIONS = YES;
				CLANG_WARN_DIRECT_OBJC_ISA_USAGE = YES_ERROR;
				CLANG_WARN_DOCUMENTATION_COMMENTS = YES;
				CLANG_WARN_EMPTY_BODY = YES;
				CLANG_WARN_ENUM_CONVERSION = YES;
				CLANG_WARN_INFINITE_RECURSION = YES;
				CLANG_WARN_INT_CONVERSION = YES;
				CLANG_WARN_NON_LITERAL_NULL_CONVERSION = YES;
				CLANG_WARN_OBJC_IMPLICIT_RETAIN_SELF = YES;
				CLANG_WARN_OBJC_LITERAL_CONVERSION = YES;
				CLANG_WARN_OBJC_ROOT_CLASS = YES_ERROR;
				CLANG_WARN_RANGE_LOOP_ANALYSIS = YES;
				CLANG_WARN_STRICT_PROTOTYPES = YES;
				CLANG_WARN_SUSPICIOUS_MOVE = YES;
				CLANG_WARN_UNGUARDED_AVAILABILITY = YES_AGGRESSIVE;
				CLANG_WARN_UNREACHABLE_CODE = YES;
				CLANG_WARN__DUPLICATE_METHOD_MATCH = YES;
				COPY_PHASE_STRIP = NO;
				DEBUG_INFORMATION_FORMAT = dwarf;
				ENABLE_STRICT_OBJC_MSGSEND = YES;
				ENABLE_TESTABILITY = YES;
				GCC_C_LANGUAGE_STANDARD = gnu11;
				GCC_DYNAMIC_NO_PIC = NO;
				GCC_NO_COMMON_BLOCKS = YES;
				GCC_OPTIMIZATION_LEVEL = 0;
				GCC_PREPROCESSOR_DEFINITIONS = (
					"DEBUG=1",
					"$(inherited)",
				);
				GCC_WARN_64_TO_32_BIT_CONVERSION = YES;
				GCC_WARN_ABOUT_RETURN_TYPE = YES_ERROR;
				GCC_WARN_UNDECLARED_SELECTOR = YES;
				GCC_WARN_UNINITIALIZED_AUTOS = YES_AGGRESSIVE;
				GCC_WARN_UNUSED_FUNCTION = YES;
				GCC_WARN_UNUSED_VARIABLE = YES;
				IPHONEOS_DEPLOYMENT_TARGET = 13.2;
				MTL_ENABLE_DEBUG_INFO = INCLUDE_SOURCE;
				MTL_FAST_MATH = YES;
				ONLY_ACTIVE_ARCH = YES;
				SDKROOT = iphoneos;
				SWIFT_ACTIVE_COMPILATION_CONDITIONS = DEBUG;
				SWIFT_OPTIMIZATION_LEVEL = "-Onone";
			};
			name = Debug;
		};
		6030FC9523FF0C7A007F0901 /* Release */ = {
			isa = XCBuildConfiguration;
			buildSettings = {
				ALWAYS_SEARCH_USER_PATHS = NO;
				CLANG_ANALYZER_NONNULL = YES;
				CLANG_ANALYZER_NUMBER_OBJECT_CONVERSION = YES_AGGRESSIVE;
				CLANG_CXX_LANGUAGE_STANDARD = "gnu++14";
				CLANG_CXX_LIBRARY = "libc++";
				CLANG_ENABLE_MODULES = YES;
				CLANG_ENABLE_OBJC_ARC = YES;
				CLANG_ENABLE_OBJC_WEAK = YES;
				CLANG_WARN_BLOCK_CAPTURE_AUTORELEASING = YES;
				CLANG_WARN_BOOL_CONVERSION = YES;
				CLANG_WARN_COMMA = YES;
				CLANG_WARN_CONSTANT_CONVERSION = YES;
				CLANG_WARN_DEPRECATED_OBJC_IMPLEMENTATIONS = YES;
				CLANG_WARN_DIRECT_OBJC_ISA_USAGE = YES_ERROR;
				CLANG_WARN_DOCUMENTATION_COMMENTS = YES;
				CLANG_WARN_EMPTY_BODY = YES;
				CLANG_WARN_ENUM_CONVERSION = YES;
				CLANG_WARN_INFINITE_RECURSION = YES;
				CLANG_WARN_INT_CONVERSION = YES;
				CLANG_WARN_NON_LITERAL_NULL_CONVERSION = YES;
				CLANG_WARN_OBJC_IMPLICIT_RETAIN_SELF = YES;
				CLANG_WARN_OBJC_LITERAL_CONVERSION = YES;
				CLANG_WARN_OBJC_ROOT_CLASS = YES_ERROR;
				CLANG_WARN_RANGE_LOOP_ANALYSIS = YES;
				CLANG_WARN_STRICT_PROTOTYPES = YES;
				CLANG_WARN_SUSPICIOUS_MOVE = YES;
				CLANG_WARN_UNGUARDED_AVAILABILITY = YES_AGGRESSIVE;
				CLANG_WARN_UNREACHABLE_CODE = YES;
				CLANG_WARN__DUPLICATE_METHOD_MATCH = YES;
				COPY_PHASE_STRIP = NO;
				DEBUG_INFORMATION_FORMAT = "dwarf-with-dsym";
				ENABLE_NS_ASSERTIONS = NO;
				ENABLE_STRICT_OBJC_MSGSEND = YES;
				GCC_C_LANGUAGE_STANDARD = gnu11;
				GCC_NO_COMMON_BLOCKS = YES;
				GCC_WARN_64_TO_32_BIT_CONVERSION = YES;
				GCC_WARN_ABOUT_RETURN_TYPE = YES_ERROR;
				GCC_WARN_UNDECLARED_SELECTOR = YES;
				GCC_WARN_UNINITIALIZED_AUTOS = YES_AGGRESSIVE;
				GCC_WARN_UNUSED_FUNCTION = YES;
				GCC_WARN_UNUSED_VARIABLE = YES;
				IPHONEOS_DEPLOYMENT_TARGET = 13.2;
				MTL_ENABLE_DEBUG_INFO = NO;
				MTL_FAST_MATH = YES;
				SDKROOT = iphoneos;
				SWIFT_COMPILATION_MODE = wholemodule;
				SWIFT_OPTIMIZATION_LEVEL = "-O";
				VALIDATE_PRODUCT = YES;
			};
			name = Release;
		};
		6030FC9723FF0C7A007F0901 /* Debug */ = {
			isa = XCBuildConfiguration;
			baseConfigurationReference = 6E88AE940E49AEE7D019B859 /* Pods-BaeWeather.debug.xcconfig */;
			buildSettings = {
				ASSETCATALOG_COMPILER_APPICON_NAME = AppIcon;
				CODE_SIGN_STYLE = Automatic;
				DEVELOPMENT_TEAM = NUPVHHY28G;
				INFOPLIST_FILE = "$(SRCROOT)/BaeWeather/Info.plist";
				LD_RUNPATH_SEARCH_PATHS = (
					"$(inherited)",
					"@executable_path/Frameworks",
				);
				PRODUCT_BUNDLE_IDENTIFIER = com.hollywoodno.baeweather;
				PRODUCT_NAME = "$(TARGET_NAME)";
				SWIFT_VERSION = 5.0;
				TARGETED_DEVICE_FAMILY = "1,2";
			};
			name = Debug;
		};
		6030FC9823FF0C7A007F0901 /* Release */ = {
			isa = XCBuildConfiguration;
			baseConfigurationReference = EB1DA14B3D81FB5E4045D0CC /* Pods-BaeWeather.release.xcconfig */;
			buildSettings = {
				ASSETCATALOG_COMPILER_APPICON_NAME = AppIcon;
				CODE_SIGN_STYLE = Automatic;
				DEVELOPMENT_TEAM = NUPVHHY28G;
				INFOPLIST_FILE = "$(SRCROOT)/BaeWeather/Info.plist";
				LD_RUNPATH_SEARCH_PATHS = (
					"$(inherited)",
					"@executable_path/Frameworks",
				);
				PRODUCT_BUNDLE_IDENTIFIER = com.hollywoodno.baeweather;
				PRODUCT_NAME = "$(TARGET_NAME)";
				SWIFT_VERSION = 5.0;
				TARGETED_DEVICE_FAMILY = "1,2";
			};
			name = Release;
		};
		6030FC9A23FF0C7A007F0901 /* Debug */ = {
			isa = XCBuildConfiguration;
			baseConfigurationReference = 6DC7BF3F3024D731594227DF /* Pods-BaeWeatherTests.debug.xcconfig */;
			buildSettings = {
				ALWAYS_EMBED_SWIFT_STANDARD_LIBRARIES = YES;
				BUNDLE_LOADER = "$(TEST_HOST)";
				CODE_SIGN_STYLE = Automatic;
				INFOPLIST_FILE = OnrampProjectTests/Info.plist;
				IPHONEOS_DEPLOYMENT_TARGET = 13.2;
				LD_RUNPATH_SEARCH_PATHS = (
					"$(inherited)",
					"@executable_path/Frameworks",
					"@loader_path/Frameworks",
				);
				PRODUCT_BUNDLE_IDENTIFIER = com.onramp.OnrampProjectTests;
				PRODUCT_NAME = "$(TARGET_NAME)";
				SWIFT_VERSION = 5.0;
				TARGETED_DEVICE_FAMILY = "1,2";
				TEST_HOST = "$(BUILT_PRODUCTS_DIR)/BaeWeather.app/BaeWeather";
			};
			name = Debug;
		};
		6030FC9B23FF0C7A007F0901 /* Release */ = {
			isa = XCBuildConfiguration;
			baseConfigurationReference = 50CD64A9361322AC9DBC420B /* Pods-BaeWeatherTests.release.xcconfig */;
			buildSettings = {
				ALWAYS_EMBED_SWIFT_STANDARD_LIBRARIES = YES;
				BUNDLE_LOADER = "$(TEST_HOST)";
				CODE_SIGN_STYLE = Automatic;
				INFOPLIST_FILE = OnrampProjectTests/Info.plist;
				IPHONEOS_DEPLOYMENT_TARGET = 13.2;
				LD_RUNPATH_SEARCH_PATHS = (
					"$(inherited)",
					"@executable_path/Frameworks",
					"@loader_path/Frameworks",
				);
				PRODUCT_BUNDLE_IDENTIFIER = com.onramp.OnrampProjectTests;
				PRODUCT_NAME = "$(TARGET_NAME)";
				SWIFT_VERSION = 5.0;
				TARGETED_DEVICE_FAMILY = "1,2";
				TEST_HOST = "$(BUILT_PRODUCTS_DIR)/BaeWeather.app/BaeWeather";
			};
			name = Release;
		};
		6030FC9D23FF0C7A007F0901 /* Debug */ = {
			isa = XCBuildConfiguration;
			baseConfigurationReference = 014A77036793F46B089CE2E5 /* Pods-BaeWeather-BaeWeatherUITests.debug.xcconfig */;
			buildSettings = {
				ALWAYS_EMBED_SWIFT_STANDARD_LIBRARIES = YES;
				CODE_SIGN_STYLE = Automatic;
				INFOPLIST_FILE = OnrampProjectUITests/Info.plist;
				LD_RUNPATH_SEARCH_PATHS = (
					"$(inherited)",
					"@executable_path/Frameworks",
					"@loader_path/Frameworks",
				);
				PRODUCT_BUNDLE_IDENTIFIER = com.onramp.OnrampProjectUITests;
				PRODUCT_NAME = "$(TARGET_NAME)";
				SWIFT_VERSION = 5.0;
				TARGETED_DEVICE_FAMILY = "1,2";
				TEST_TARGET_NAME = OnrampProject;
			};
			name = Debug;
		};
		6030FC9E23FF0C7A007F0901 /* Release */ = {
			isa = XCBuildConfiguration;
			baseConfigurationReference = 53451B79E50A13E920BA84B6 /* Pods-BaeWeather-BaeWeatherUITests.release.xcconfig */;
			buildSettings = {
				ALWAYS_EMBED_SWIFT_STANDARD_LIBRARIES = YES;
				CODE_SIGN_STYLE = Automatic;
				INFOPLIST_FILE = OnrampProjectUITests/Info.plist;
				LD_RUNPATH_SEARCH_PATHS = (
					"$(inherited)",
					"@executable_path/Frameworks",
					"@loader_path/Frameworks",
				);
				PRODUCT_BUNDLE_IDENTIFIER = com.onramp.OnrampProjectUITests;
				PRODUCT_NAME = "$(TARGET_NAME)";
				SWIFT_VERSION = 5.0;
				TARGETED_DEVICE_FAMILY = "1,2";
				TEST_TARGET_NAME = OnrampProject;
			};
			name = Release;
		};
/* End XCBuildConfiguration section */

/* Begin XCConfigurationList section */
		6030FC6723FF0C79007F0901 /* Build configuration list for PBXProject "BaeWeather" */ = {
			isa = XCConfigurationList;
			buildConfigurations = (
				6030FC9423FF0C7A007F0901 /* Debug */,
				6030FC9523FF0C7A007F0901 /* Release */,
			);
			defaultConfigurationIsVisible = 0;
			defaultConfigurationName = Release;
		};
		6030FC9623FF0C7A007F0901 /* Build configuration list for PBXNativeTarget "BaeWeather" */ = {
			isa = XCConfigurationList;
			buildConfigurations = (
				6030FC9723FF0C7A007F0901 /* Debug */,
				6030FC9823FF0C7A007F0901 /* Release */,
			);
			defaultConfigurationIsVisible = 0;
			defaultConfigurationName = Release;
		};
		6030FC9923FF0C7A007F0901 /* Build configuration list for PBXNativeTarget "BaeWeatherTests" */ = {
			isa = XCConfigurationList;
			buildConfigurations = (
				6030FC9A23FF0C7A007F0901 /* Debug */,
				6030FC9B23FF0C7A007F0901 /* Release */,
			);
			defaultConfigurationIsVisible = 0;
			defaultConfigurationName = Release;
		};
		6030FC9C23FF0C7A007F0901 /* Build configuration list for PBXNativeTarget "BaeWeatherUITests" */ = {
			isa = XCConfigurationList;
			buildConfigurations = (
				6030FC9D23FF0C7A007F0901 /* Debug */,
				6030FC9E23FF0C7A007F0901 /* Release */,
			);
			defaultConfigurationIsVisible = 0;
			defaultConfigurationName = Release;
		};
/* End XCConfigurationList section */
	};
	rootObject = 6030FC6423FF0C79007F0901 /* Project object */;
}
